[[package]]
name = "0html"
version = "0.0.0"
description = "Simple HTML data saver."
category = "main"
optional = false
python-versions = "*"

[package.dependencies]
metaform = "*"
metatype = "*"
typer = "*"

[package.extras]
test = ["coverage", "pytest", "pytest-cov"]

[[package]]
name = "aniso8601"
version = "7.0.0"
description = "A library for parsing ISO 8601 strings."
category = "main"
optional = false
python-versions = "*"

[[package]]
name = "astroid"
version = "2.4.2"
description = "An abstract syntax tree for Python with inference support."
category = "dev"
optional = false
python-versions = ">=3.5"

[package.dependencies]
lazy-object-proxy = ">=1.4.0,<1.5.0"
six = ">=1.12,<2.0"
wrapt = ">=1.11,<2.0"

[[package]]
name = "beautifulsoup4"
version = "4.9.3"
description = "Screen-scraping library"
category = "main"
optional = false
python-versions = "*"

[package.dependencies]
soupsieve = {version = ">1.2", markers = "python_version >= \"3.0\""}

[package.extras]
html5lib = ["html5lib"]
lxml = ["lxml"]

[[package]]
name = "behave"
version = "1.2.6"
description = "behave is behaviour-driven development, Python style"
category = "dev"
optional = false
python-versions = ">=2.6, !=3.0.*, !=3.1.*, !=3.2.*"

[package.dependencies]
parse = ">=1.8.2"
parse-type = ">=0.4.2"
six = ">=1.11"

[package.extras]
develop = ["coverage", "pytest (>=3.0)", "pytest-cov", "tox", "invoke (>=0.21.0)", "path.py (>=8.1.2)", "pycmd", "pathlib", "modernize (>=0.5)", "pylint"]
docs = ["sphinx (>=1.6)", "sphinx-bootstrap-theme (>=0.6)"]

[[package]]
name = "boltons"
version = "20.2.1"
description = "When they're not builtins, they're boltons."
category = "main"
optional = false
python-versions = "*"

[[package]]
name = "bs4"
version = "0.0.1"
description = "Dummy package for Beautiful Soup"
category = "main"
optional = false
python-versions = "*"

[package.dependencies]
beautifulsoup4 = "*"

[[package]]
name = "certifi"
version = "2020.11.8"
description = "Python package for providing Mozilla's CA Bundle."
category = "main"
optional = false
python-versions = "*"

[[package]]
name = "chardet"
version = "3.0.4"
description = "Universal encoding detector for Python 2 and 3"
category = "main"
optional = false
python-versions = "*"

[[package]]
name = "click"
version = "7.1.2"
description = "Composable command line interface toolkit"
category = "main"
optional = false
python-versions = ">=2.7, !=3.0.*, !=3.1.*, !=3.2.*, !=3.3.*, !=3.4.*"

[[package]]
name = "colorama"
version = "0.4.4"
description = "Cross-platform colored terminal text."
category = "dev"
optional = false
python-versions = ">=2.7, !=3.0.*, !=3.1.*, !=3.2.*, !=3.3.*, !=3.4.*"

[[package]]
name = "docopt"
version = "0.6.2"
description = "Pythonic argument parser, that will make you smile"
category = "main"
optional = false
python-versions = "*"

[[package]]
name = "fastapi"
version = "0.61.2"
description = "FastAPI framework, high performance, easy to learn, fast to code, ready for production"
category = "main"
optional = false
python-versions = ">=3.6"

[package.dependencies]
pydantic = ">=1.0.0,<2.0.0"
starlette = "0.13.6"

[package.extras]
all = ["requests (>=2.24.0,<3.0.0)", "aiofiles (>=0.5.0,<0.6.0)", "jinja2 (>=2.11.2,<3.0.0)", "python-multipart (>=0.0.5,<0.0.6)", "itsdangerous (>=1.1.0,<2.0.0)", "pyyaml (>=5.3.1,<6.0.0)", "graphene (>=2.1.8,<3.0.0)", "ujson (>=3.0.0,<4.0.0)", "orjson (>=3.2.1,<4.0.0)", "email_validator (>=1.1.1,<2.0.0)", "uvicorn (>=0.11.5,<0.12.0)", "async_exit_stack (>=1.0.1,<2.0.0)", "async_generator (>=1.10,<2.0.0)"]
dev = ["python-jose[cryptography] (>=3.1.0,<4.0.0)", "passlib[bcrypt] (>=1.7.2,<2.0.0)", "autoflake (>=1.3.1,<2.0.0)", "flake8 (>=3.8.3,<4.0.0)", "uvicorn (>=0.11.5,<0.12.0)", "graphene (>=2.1.8,<3.0.0)"]
doc = ["mkdocs (>=1.1.2,<2.0.0)", "mkdocs-material (>=5.5.0,<6.0.0)", "markdown-include (>=0.5.1,<0.6.0)", "mkdocs-markdownextradata-plugin (>=0.1.7,<0.2.0)", "typer (>=0.3.0,<0.4.0)", "typer-cli (>=0.0.9,<0.0.10)", "pyyaml (>=5.3.1,<6.0.0)"]
test = ["pytest (5.4.3)", "pytest-cov (2.10.0)", "pytest-asyncio (>=0.14.0,<0.15.0)", "mypy (0.782)", "flake8 (>=3.8.3,<4.0.0)", "black (19.10b0)", "isort (>=5.0.6,<6.0.0)", "requests (>=2.24.0,<3.0.0)", "httpx (>=0.14.0,<0.15.0)", "email_validator (>=1.1.1,<2.0.0)", "sqlalchemy (>=1.3.18,<2.0.0)", "peewee (>=3.13.3,<4.0.0)", "databases[sqlite] (>=0.3.2,<0.4.0)", "orjson (>=3.2.1,<4.0.0)", "async_exit_stack (>=1.0.1,<2.0.0)", "async_generator (>=1.10,<2.0.0)", "python-multipart (>=0.0.5,<0.0.6)", "aiofiles (>=0.5.0,<0.6.0)", "flask (>=1.1.2,<2.0.0)"]

[[package]]
name = "flake8"
version = "3.8.4"
description = "the modular source code checker: pep8 pyflakes and co"
category = "dev"
optional = false
python-versions = "!=3.0.*,!=3.1.*,!=3.2.*,!=3.3.*,>=2.7"

[package.dependencies]
mccabe = ">=0.6.0,<0.7.0"
pycodestyle = ">=2.6.0a1,<2.7.0"
pyflakes = ">=2.2.0,<2.3.0"

[[package]]
name = "gpgrecord"
version = "0.0.5"
description = "Encrypt/Decrypt interface for GPG record compatiable with JSON via base64."
category = "main"
optional = false
python-versions = "*"

[package.dependencies]
python-gnupg = ">=0.4.4"

[package.extras]
test = ["coverage", "pytest", "pytest-cov"]

[[package]]
name = "graphene"
version = "2.1.8"
description = "GraphQL Framework for Python"
category = "main"
optional = false
python-versions = "*"

[package.dependencies]
aniso8601 = ">=3,<=7"
graphql-core = ">=2.1,<3"
graphql-relay = ">=2,<3"
six = ">=1.10.0,<2"

[package.extras]
django = ["graphene-django"]
sqlalchemy = ["graphene-sqlalchemy"]
test = ["pytest", "pytest-benchmark", "pytest-cov", "pytest-mock", "snapshottest", "coveralls", "promise", "six", "mock", "pytz", "iso8601"]

[[package]]
name = "graphql-core"
version = "2.3.2"
description = "GraphQL implementation for Python"
category = "main"
optional = false
python-versions = "*"

[package.dependencies]
promise = ">=2.3,<3"
rx = ">=1.6,<2"
six = ">=1.10.0"

[package.extras]
gevent = ["gevent (>=1.1)"]
test = ["six (1.14.0)", "pyannotate (1.2.0)", "pytest (4.6.10)", "pytest-django (3.9.0)", "pytest-cov (2.8.1)", "coveralls (1.11.1)", "cython (0.29.17)", "gevent (1.5.0)", "pytest-benchmark (3.2.3)", "pytest-mock (2.0.0)"]

[[package]]
name = "graphql-relay"
version = "2.0.1"
description = "Relay implementation for Python"
category = "main"
optional = false
python-versions = "*"

[package.dependencies]
graphql-core = ">=2.2,<3"
promise = ">=2.2,<3"
six = ">=1.12"

[[package]]
name = "h11"
version = "0.11.0"
description = "A pure-Python, bring-your-own-I/O implementation of HTTP/1.1"
category = "main"
optional = false
python-versions = "*"

[[package]]
name = "hanziconv"
version = "0.3.2"
description = "Hanzi Converter for Traditional and Simplified Chinese"
category = "main"
optional = false
python-versions = "*"

[[package]]
name = "html2markdown"
version = "0.1.7"
description = "Conservatively convert html to markdown"
category = "main"
optional = false
python-versions = "*"

[package.dependencies]
beautifulsoup4 = "*"

[[package]]
name = "httpcore"
version = "0.12.2"
description = "A minimal low-level HTTP client."
category = "main"
optional = false
python-versions = ">=3.6"

[package.dependencies]
h11 = "<1.0.0"
sniffio = ">=1.0.0,<2.0.0"

[package.extras]
http2 = ["h2 (>=3,<5)"]

[[package]]
name = "httpx"
version = "0.16.1"
description = "The next generation HTTP client."
category = "main"
optional = false
python-versions = ">=3.6"

[package.dependencies]
certifi = "*"
httpcore = ">=0.12.0,<0.13.0"
rfc3986 = {version = ">=1.3,<2", extras = ["idna2008"]}
sniffio = "*"

[package.extras]
brotli = ["brotlipy (>=0.7.0,<0.8.0)"]
http2 = ["h2 (>=3.0.0,<4.0.0)"]

[[package]]
name = "idna"
version = "2.10"
description = "Internationalized Domain Names in Applications (IDNA)"
category = "main"
optional = false
python-versions = ">=2.7, !=3.0.*, !=3.1.*, !=3.2.*, !=3.3.*"

[[package]]
name = "isort"
version = "5.6.4"
description = "A Python utility / library to sort Python imports."
category = "dev"
optional = false
python-versions = ">=3.6,<4.0"

[package.extras]
pipfile_deprecated_finder = ["pipreqs", "requirementslib"]
requirements_deprecated_finder = ["pipreqs", "pip-api"]
colors = ["colorama (>=0.4.3,<0.5.0)"]

[[package]]
name = "lazy-object-proxy"
version = "1.4.3"
description = "A fast and thorough lazy object proxy."
category = "dev"
optional = false
python-versions = ">=2.7, !=3.0.*, !=3.1.*, !=3.2.*, !=3.3.*"

[[package]]
name = "lxml"
version = "4.6.1"
description = "Powerful and Pythonic XML processing library combining libxml2/libxslt with the ElementTree API."
category = "main"
optional = false
python-versions = ">=2.7, !=3.0.*, !=3.1.*, !=3.2.*, !=3.3.*, != 3.4.*"

[package.extras]
cssselect = ["cssselect (>=0.7)"]
html5 = ["html5lib"]
htmlsoup = ["beautifulsoup4"]
source = ["Cython (>=0.29.7)"]

[[package]]
name = "mccabe"
version = "0.6.1"
description = "McCabe checker, plugin for flake8"
category = "dev"
optional = false
python-versions = "*"

[[package]]
name = "metadir"
version = "0.0.2"
description = "A command line program to generate SCANME.md file content."
category = "main"
optional = false
python-versions = "*"

[package.dependencies]
docopt = "*"
pyyaml = "*"

[package.extras]
test = ["coverage", "pytest", "pytest-cov"]

[[package]]
name = "metaform"
version = "1.0.2.4"
description = "A utility for defining metadata for data types and formats."
category = "main"
optional = false
python-versions = "*"

[package.dependencies]
metadir = "*"
metawiki = "*"
python-dateutil = "*"
tinydb = "*"
typology = "*"

[package.extras]
develop = ["pre-commit (1.18.3)", "coverage (4.5.4)", "flake8 (3.7.8)", "isort (4.3.21)"]

[[package]]
name = "metatype"
version = "0.1.3.7"
description = "Implementation of base dict types for metaformat versions."
category = "main"
optional = false
python-versions = "*"

[package.dependencies]
gpgrecord = "*"
metawiki = "*"
python-dateutil = "*"
typology = "*"

[package.extras]
test = ["coverage", "pytest", "pytest-cov"]

[[package]]
name = "metawiki"
version = "0.1.13"
description = "A simple map for urls of definitions in notable sources."
category = "main"
optional = false
python-versions = "*"

[package.dependencies]
parse = "*"

[package.extras]
test = ["coverage", "pytest", "pytest-cov"]

[[package]]
name = "mistune"
version = "0.8.4"
description = "The fastest markdown parser in pure Python"
category = "main"
optional = false
python-versions = "*"

[[package]]
name = "parse"
version = "1.18.0"
description = "parse() is the opposite of format()"
category = "main"
optional = false
python-versions = "*"

[[package]]
name = "parse-type"
version = "0.5.2"
description = "Simplifies to build parse types based on the parse module"
category = "dev"
optional = false
python-versions = ">=2.6, !=3.0.*, !=3.1.*"

[package.dependencies]
parse = ">=1.8.4"
six = ">=1.11"

[package.extras]
develop = ["coverage (>=4.4)", "pytest (>=3.2)", "pytest-cov", "tox (>=2.8)"]
docs = ["sphinx (>=1.2)"]

[[package]]
name = "promise"
version = "2.3"
description = "Promises/A+ implementation for Python"
category = "main"
optional = false
python-versions = "*"

[package.dependencies]
six = "*"

[package.extras]
test = ["pytest (>=2.7.3)", "pytest-cov", "coveralls", "futures", "pytest-benchmark", "mock"]

[[package]]
name = "pycodestyle"
version = "2.6.0"
description = "Python style guide checker"
category = "dev"
optional = false
python-versions = ">=2.7, !=3.0.*, !=3.1.*, !=3.2.*, !=3.3.*"

[[package]]
name = "pydantic"
version = "1.7.2"
description = "Data validation and settings management using python 3.6 type hinting"
category = "main"
optional = false
python-versions = ">=3.6"

[package.extras]
dotenv = ["python-dotenv (>=0.10.4)"]
email = ["email-validator (>=1.0.3)"]
typing_extensions = ["typing-extensions (>=3.7.2)"]

[[package]]
name = "pyflakes"
version = "2.2.0"
description = "passive checker of Python programs"
category = "dev"
optional = false
python-versions = ">=2.7, !=3.0.*, !=3.1.*, !=3.2.*, !=3.3.*"

[[package]]
name = "pylint"
version = "2.6.0"
description = "python code static checker"
category = "dev"
optional = false
python-versions = ">=3.5.*"

[package.dependencies]
astroid = ">=2.4.0,<=2.5"
colorama = {version = "*", markers = "sys_platform == \"win32\""}
isort = ">=4.2.5,<6"
mccabe = ">=0.6,<0.7"
toml = ">=0.7.1"

[[package]]
name = "python-dateutil"
version = "2.8.1"
description = "Extensions to the standard Python datetime module"
category = "main"
optional = false
python-versions = "!=3.0.*,!=3.1.*,!=3.2.*,>=2.7"

[package.dependencies]
six = ">=1.5"

[[package]]
name = "python-gnupg"
version = "0.4.6"
description = "A wrapper for the Gnu Privacy Guard (GPG or GnuPG)"
category = "main"
optional = false
python-versions = "*"

[[package]]
name = "python-multipart"
version = "0.0.5"
description = "A streaming multipart parser for Python"
category = "main"
optional = false
python-versions = "*"

[package.dependencies]
six = ">=1.4.0"

[[package]]
name = "python-slugify"
version = "4.0.1"
description = "A Python Slugify application that handles Unicode"
category = "main"
optional = false
python-versions = ">=2.7, !=3.0.*, !=3.1.*, !=3.2.*, !=3.3.*, !=3.4.*"

[package.dependencies]
text-unidecode = ">=1.3"

[package.extras]
unidecode = ["Unidecode (>=1.1.1)"]

[[package]]
name = "pytz"
version = "2020.4"
description = "World timezone definitions, modern and historical"
category = "main"
optional = false
python-versions = "*"

[[package]]
name = "pyyaml"
version = "5.3.1"
description = "YAML parser and emitter for Python"
category = "main"
optional = false
python-versions = "*"

[[package]]
name = "requests"
version = "2.25.0"
description = "Python HTTP for Humans."
category = "main"
optional = false
python-versions = ">=2.7, !=3.0.*, !=3.1.*, !=3.2.*, !=3.3.*, !=3.4.*"

[package.dependencies]
certifi = ">=2017.4.17"
chardet = ">=3.0.2,<4"
idna = ">=2.5,<3"
urllib3 = ">=1.21.1,<1.27"

[package.extras]
security = ["pyOpenSSL (>=0.14)", "cryptography (>=1.3.4)"]
socks = ["PySocks (>=1.5.6,<1.5.7 || >1.5.7)", "win-inet-pton"]

[[package]]
name = "rfc3986"
version = "1.4.0"
description = "Validating URI References per RFC 3986"
category = "main"
optional = false
python-versions = "*"

[package.dependencies]
idna = {version = "*", optional = true, markers = "extra == \"idna2008\""}

[package.extras]
idna2008 = ["idna"]

[[package]]
name = "rx"
version = "1.6.1"
description = "Reactive Extensions (Rx) for Python"
category = "main"
optional = false
python-versions = "*"

[[package]]
name = "six"
version = "1.15.0"
description = "Python 2 and 3 compatibility utilities"
category = "main"
optional = false
python-versions = ">=2.7, !=3.0.*, !=3.1.*, !=3.2.*"

[[package]]
name = "sniffio"
version = "1.2.0"
description = "Sniff out which async library your code is running under"
category = "main"
optional = false
python-versions = ">=3.5"

[[package]]
name = "soupsieve"
version = "2.0.1"
description = "A modern CSS selector implementation for Beautiful Soup."
category = "main"
optional = false
python-versions = ">=3.5"

[[package]]
name = "starlette"
version = "0.13.6"
description = "The little ASGI library that shines."
category = "main"
optional = false
python-versions = ">=3.6"

[package.extras]
full = ["aiofiles", "graphene", "itsdangerous", "jinja2", "python-multipart", "pyyaml", "requests", "ujson"]

[[package]]
name = "text-unidecode"
version = "1.3"
description = "The most basic Text::Unidecode port"
category = "main"
optional = false
python-versions = "*"

[[package]]
name = "textrazor"
version = "1.4.0"
description = "Official Python SDK for TextRazor (https://textrazor.com)."
category = "main"
optional = false
python-versions = "*"

[[package]]
name = "tinydb"
version = "4.2.0"
description = "TinyDB is a tiny, document oriented database optimized for your happiness :)"
category = "main"
optional = false
python-versions = ">=3.5,<4.0"

[[package]]
name = "toml"
version = "0.10.2"
description = "Python Library for Tom's Obvious, Minimal Language"
category = "dev"
optional = false
python-versions = ">=2.6, !=3.0.*, !=3.1.*, !=3.2.*"

[[package]]
name = "typer"
version = "0.3.2"
description = "Typer, build great CLIs. Easy to code. Based on Python type hints."
category = "main"
optional = false
python-versions = ">=3.6"

[package.dependencies]
click = ">=7.1.1,<7.2.0"

[package.extras]
test = ["pytest-xdist (>=1.32.0,<2.0.0)", "pytest-sugar (>=0.9.4,<0.10.0)", "mypy (0.782)", "black (>=19.10b0,<20.0b0)", "isort (>=5.0.6,<6.0.0)", "shellingham (>=1.3.0,<2.0.0)", "pytest (>=4.4.0,<5.4.0)", "pytest-cov (>=2.10.0,<3.0.0)", "coverage (>=5.2,<6.0)"]
all = ["colorama (>=0.4.3,<0.5.0)", "shellingham (>=1.3.0,<2.0.0)"]
dev = ["autoflake (>=1.3.1,<2.0.0)", "flake8 (>=3.8.3,<4.0.0)"]
doc = ["mkdocs (>=1.1.2,<2.0.0)", "mkdocs-material (>=5.4.0,<6.0.0)", "markdown-include (>=0.5.1,<0.6.0)"]

[[package]]
name = "typology"
version = "0.2.3"
description = "Python formats derived from vocabulary concepts."
category = "main"
optional = false
python-versions = "*"

[package.dependencies]
boltons = "*"
bs4 = "*"
hanziconv = "*"
metawiki = "*"
mistune = "*"
python-slugify = "*"
PyYAML = "*"
requests = "*"

[package.extras]
test = ["coverage", "pytest", "pytest-cov"]

[[package]]
name = "unicode"
version = "2.7"
description = "Display unicode character properties"
category = "main"
optional = false
python-versions = "*"

[[package]]
name = "urllib3"
version = "1.26.1"
description = "HTTP library with thread-safe connection pooling, file post, and more."
category = "main"
optional = false
python-versions = ">=2.7, !=3.0.*, !=3.1.*, !=3.2.*, !=3.3.*, !=3.4.*, <4"

[package.extras]
brotli = ["brotlipy (>=0.6.0)"]
secure = ["pyOpenSSL (>=0.14)", "cryptography (>=1.3.4)", "idna (>=2.0.0)", "certifi", "ipaddress"]
socks = ["PySocks (>=1.5.6,<1.5.7 || >1.5.7,<2.0)"]

[[package]]
name = "uvicorn"
version = "0.12.2"
description = "The lightning-fast ASGI server."
category = "main"
optional = false
python-versions = "*"

[package.dependencies]
click = ">=7.0.0,<8.0.0"
h11 = ">=0.8"

[package.extras]
standard = ["websockets (>=8.0.0,<9.0.0)", "watchgod (>=0.6,<0.7)", "python-dotenv (>=0.13)", "PyYAML (>=5.1)", "httptools (>=0.1.0,<0.2.0)", "uvloop (>=0.14.0)", "colorama (>=0.4)"]

[[package]]
name = "websockets"
version = "8.1"
description = "An implementation of the WebSocket Protocol (RFC 6455 & 7692)"
category = "main"
optional = false
python-versions = ">=3.6.1"

[[package]]
name = "wrapt"
version = "1.12.1"
description = "Module for decorators, wrappers and monkey patching."
category = "dev"
optional = false
python-versions = "*"

[metadata]
lock-version = "1.1"
python-versions = "^3.8"
content-hash = "66560d1c5d80551a9d0b8c0eb84f80d01063a3698e455f7565b335881ddda73c"

[metadata.files]
0html = [
    {file = "0html-0.0.0.tar.gz", hash = "sha256:03ed19d782e9ca93dc3a2fb66ae605f81daaa27f7ff22947ec6aa07ca7320968"},
]
aniso8601 = [
    {file = "aniso8601-7.0.0-py2.py3-none-any.whl", hash = "sha256:d10a4bf949f619f719b227ef5386e31f49a2b6d453004b21f02661ccc8670c7b"},
    {file = "aniso8601-7.0.0.tar.gz", hash = "sha256:513d2b6637b7853806ae79ffaca6f3e8754bdd547048f5ccc1420aec4b714f1e"},
]
astroid = [
    {file = "astroid-2.4.2-py3-none-any.whl", hash = "sha256:bc58d83eb610252fd8de6363e39d4f1d0619c894b0ed24603b881c02e64c7386"},
    {file = "astroid-2.4.2.tar.gz", hash = "sha256:2f4078c2a41bf377eea06d71c9d2ba4eb8f6b1af2135bec27bbbb7d8f12bb703"},
]
beautifulsoup4 = [
    {file = "beautifulsoup4-4.9.3-py2-none-any.whl", hash = "sha256:4c98143716ef1cb40bf7f39a8e3eec8f8b009509e74904ba3a7b315431577e35"},
    {file = "beautifulsoup4-4.9.3-py3-none-any.whl", hash = "sha256:fff47e031e34ec82bf17e00da8f592fe7de69aeea38be00523c04623c04fb666"},
    {file = "beautifulsoup4-4.9.3.tar.gz", hash = "sha256:84729e322ad1d5b4d25f805bfa05b902dd96450f43842c4e99067d5e1369eb25"},
]
behave = [
    {file = "behave-1.2.6-py2.py3-none-any.whl", hash = "sha256:ebda1a6c9e5bfe95c5f9f0a2794e01c7098b3dde86c10a95d8621c5907ff6f1c"},
    {file = "behave-1.2.6.tar.gz", hash = "sha256:b9662327aa53294c1351b0a9c369093ccec1d21026f050c3bd9b3e5cccf81a86"},
]
boltons = [
    {file = "boltons-20.2.1-py2.py3-none-any.whl", hash = "sha256:3dd8a8e3c1886e7f7ba3422b50f55a66e1700161bf01b919d098e7d96dd2d9b6"},
    {file = "boltons-20.2.1.tar.gz", hash = "sha256:dd362291a460cc1e0c2e91cc6a60da3036ced77099b623112e8f833e6734bdc5"},
]
bs4 = [
    {file = "bs4-0.0.1.tar.gz", hash = "sha256:36ecea1fd7cc5c0c6e4a1ff075df26d50da647b75376626cc186e2212886dd3a"},
]
certifi = [
    {file = "certifi-2020.11.8-py2.py3-none-any.whl", hash = "sha256:1f422849db327d534e3d0c5f02a263458c3955ec0aae4ff09b95f195c59f4edd"},
    {file = "certifi-2020.11.8.tar.gz", hash = "sha256:f05def092c44fbf25834a51509ef6e631dc19765ab8a57b4e7ab85531f0a9cf4"},
]
chardet = [
    {file = "chardet-3.0.4-py2.py3-none-any.whl", hash = "sha256:fc323ffcaeaed0e0a02bf4d117757b98aed530d9ed4531e3e15460124c106691"},
    {file = "chardet-3.0.4.tar.gz", hash = "sha256:84ab92ed1c4d4f16916e05906b6b75a6c0fb5db821cc65e70cbd64a3e2a5eaae"},
]
click = [
    {file = "click-7.1.2-py2.py3-none-any.whl", hash = "sha256:dacca89f4bfadd5de3d7489b7c8a566eee0d3676333fbb50030263894c38c0dc"},
    {file = "click-7.1.2.tar.gz", hash = "sha256:d2b5255c7c6349bc1bd1e59e08cd12acbbd63ce649f2588755783aa94dfb6b1a"},
]
colorama = [
    {file = "colorama-0.4.4-py2.py3-none-any.whl", hash = "sha256:9f47eda37229f68eee03b24b9748937c7dc3868f906e8ba69fbcbdd3bc5dc3e2"},
    {file = "colorama-0.4.4.tar.gz", hash = "sha256:5941b2b48a20143d2267e95b1c2a7603ce057ee39fd88e7329b0c292aa16869b"},
]
docopt = [
    {file = "docopt-0.6.2.tar.gz", hash = "sha256:49b3a825280bd66b3aa83585ef59c4a8c82f2c8a522dbe754a8bc8d08c85c491"},
]
fastapi = [
    {file = "fastapi-0.61.2-py3-none-any.whl", hash = "sha256:8c8517680a221e69eb34073adf46c503092db2f24845b7bdc7f85b54f24ff0df"},
    {file = "fastapi-0.61.2.tar.gz", hash = "sha256:9e0494fcbba98f85b8cc9b2606bb6b625246e1b12f79ca61f508b0b00843eca6"},
]
flake8 = [
    {file = "flake8-3.8.4-py2.py3-none-any.whl", hash = "sha256:749dbbd6bfd0cf1318af27bf97a14e28e5ff548ef8e5b1566ccfb25a11e7c839"},
    {file = "flake8-3.8.4.tar.gz", hash = "sha256:aadae8761ec651813c24be05c6f7b4680857ef6afaae4651a4eccaef97ce6c3b"},
]
gpgrecord = [
    {file = "gpgrecord-0.0.5.tar.gz", hash = "sha256:b7426d6465ca975ed5c218f45995078f32aee906117186d29b8e890e94185cef"},
]
graphene = [
    {file = "graphene-2.1.8-py2.py3-none-any.whl", hash = "sha256:09165f03e1591b76bf57b133482db9be6dac72c74b0a628d3c93182af9c5a896"},
    {file = "graphene-2.1.8.tar.gz", hash = "sha256:2cbe6d4ef15cfc7b7805e0760a0e5b80747161ce1b0f990dfdc0d2cf497c12f9"},
]
graphql-core = [
    {file = "graphql-core-2.3.2.tar.gz", hash = "sha256:aac46a9ac524c9855910c14c48fc5d60474def7f99fd10245e76608eba7af746"},
    {file = "graphql_core-2.3.2-py2.py3-none-any.whl", hash = "sha256:44c9bac4514e5e30c5a595fac8e3c76c1975cae14db215e8174c7fe995825bad"},
]
graphql-relay = [
    {file = "graphql-relay-2.0.1.tar.gz", hash = "sha256:870b6b5304123a38a0b215a79eace021acce5a466bf40cd39fa18cb8528afabb"},
    {file = "graphql_relay-2.0.1-py3-none-any.whl", hash = "sha256:ac514cb86db9a43014d7e73511d521137ac12cf0101b2eaa5f0a3da2e10d913d"},
]
h11 = [
    {file = "h11-0.11.0-py2.py3-none-any.whl", hash = "sha256:ab6c335e1b6ef34b205d5ca3e228c9299cc7218b049819ec84a388c2525e5d87"},
    {file = "h11-0.11.0.tar.gz", hash = "sha256:3c6c61d69c6f13d41f1b80ab0322f1872702a3ba26e12aa864c928f6a43fbaab"},
]
hanziconv = [
    {file = "hanziconv-0.3.2.tar.gz", hash = "sha256:208866da6ae305bca19eb98702b65c93bb3a803b496e4287ca740d68892fc4c4"},
]
html2markdown = [
    {file = "html2markdown-0.1.7.tar.gz", hash = "sha256:92baf932c7f216be6d9459a191d45b6401e204bda7a5413febafa875512cfa8c"},
]
httpcore = [
    {file = "httpcore-0.12.2-py3-none-any.whl", hash = "sha256:420700af11db658c782f7e8fda34f9dcd95e3ee93944dd97d78cb70247e0cd06"},
    {file = "httpcore-0.12.2.tar.gz", hash = "sha256:dd1d762d4f7c2702149d06be2597c35fb154c5eff9789a8c5823fbcf4d2978d6"},
]
httpx = [
    {file = "httpx-0.16.1-py3-none-any.whl", hash = "sha256:9cffb8ba31fac6536f2c8cde30df859013f59e4bcc5b8d43901cb3654a8e0a5b"},
    {file = "httpx-0.16.1.tar.gz", hash = "sha256:126424c279c842738805974687e0518a94c7ae8d140cd65b9c4f77ac46ffa537"},
]
idna = [
    {file = "idna-2.10-py2.py3-none-any.whl", hash = "sha256:b97d804b1e9b523befed77c48dacec60e6dcb0b5391d57af6a65a312a90648c0"},
    {file = "idna-2.10.tar.gz", hash = "sha256:b307872f855b18632ce0c21c5e45be78c0ea7ae4c15c828c20788b26921eb3f6"},
]
isort = [
    {file = "isort-5.6.4-py3-none-any.whl", hash = "sha256:dcab1d98b469a12a1a624ead220584391648790275560e1a43e54c5dceae65e7"},
    {file = "isort-5.6.4.tar.gz", hash = "sha256:dcaeec1b5f0eca77faea2a35ab790b4f3680ff75590bfcb7145986905aab2f58"},
]
lazy-object-proxy = [
    {file = "lazy-object-proxy-1.4.3.tar.gz", hash = "sha256:f3900e8a5de27447acbf900b4750b0ddfd7ec1ea7fbaf11dfa911141bc522af0"},
    {file = "lazy_object_proxy-1.4.3-cp27-cp27m-macosx_10_13_x86_64.whl", hash = "sha256:a2238e9d1bb71a56cd710611a1614d1194dc10a175c1e08d75e1a7bcc250d442"},
    {file = "lazy_object_proxy-1.4.3-cp27-cp27m-win32.whl", hash = "sha256:efa1909120ce98bbb3777e8b6f92237f5d5c8ea6758efea36a473e1d38f7d3e4"},
    {file = "lazy_object_proxy-1.4.3-cp27-cp27m-win_amd64.whl", hash = "sha256:4677f594e474c91da97f489fea5b7daa17b5517190899cf213697e48d3902f5a"},
    {file = "lazy_object_proxy-1.4.3-cp27-cp27mu-manylinux1_x86_64.whl", hash = "sha256:0c4b206227a8097f05c4dbdd323c50edf81f15db3b8dc064d08c62d37e1a504d"},
    {file = "lazy_object_proxy-1.4.3-cp34-cp34m-manylinux1_x86_64.whl", hash = "sha256:d945239a5639b3ff35b70a88c5f2f491913eb94871780ebfabb2568bd58afc5a"},
    {file = "lazy_object_proxy-1.4.3-cp34-cp34m-win32.whl", hash = "sha256:9651375199045a358eb6741df3e02a651e0330be090b3bc79f6d0de31a80ec3e"},
    {file = "lazy_object_proxy-1.4.3-cp34-cp34m-win_amd64.whl", hash = "sha256:eba7011090323c1dadf18b3b689845fd96a61ba0a1dfbd7f24b921398affc357"},
    {file = "lazy_object_proxy-1.4.3-cp35-cp35m-manylinux1_x86_64.whl", hash = "sha256:48dab84ebd4831077b150572aec802f303117c8cc5c871e182447281ebf3ac50"},
    {file = "lazy_object_proxy-1.4.3-cp35-cp35m-win32.whl", hash = "sha256:ca0a928a3ddbc5725be2dd1cf895ec0a254798915fb3a36af0964a0a4149e3db"},
    {file = "lazy_object_proxy-1.4.3-cp35-cp35m-win_amd64.whl", hash = "sha256:194d092e6f246b906e8f70884e620e459fc54db3259e60cf69a4d66c3fda3449"},
    {file = "lazy_object_proxy-1.4.3-cp36-cp36m-manylinux1_x86_64.whl", hash = "sha256:97bb5884f6f1cdce0099f86b907aa41c970c3c672ac8b9c8352789e103cf3156"},
    {file = "lazy_object_proxy-1.4.3-cp36-cp36m-win32.whl", hash = "sha256:cb2c7c57005a6804ab66f106ceb8482da55f5314b7fcb06551db1edae4ad1531"},
    {file = "lazy_object_proxy-1.4.3-cp36-cp36m-win_amd64.whl", hash = "sha256:8d859b89baf8ef7f8bc6b00aa20316483d67f0b1cbf422f5b4dc56701c8f2ffb"},
    {file = "lazy_object_proxy-1.4.3-cp37-cp37m-macosx_10_13_x86_64.whl", hash = "sha256:1be7e4c9f96948003609aa6c974ae59830a6baecc5376c25c92d7d697e684c08"},
    {file = "lazy_object_proxy-1.4.3-cp37-cp37m-manylinux1_x86_64.whl", hash = "sha256:d74bb8693bf9cf75ac3b47a54d716bbb1a92648d5f781fc799347cfc95952383"},
    {file = "lazy_object_proxy-1.4.3-cp37-cp37m-win32.whl", hash = "sha256:9b15f3f4c0f35727d3a0fba4b770b3c4ebbb1fa907dbcc046a1d2799f3edd142"},
    {file = "lazy_object_proxy-1.4.3-cp37-cp37m-win_amd64.whl", hash = "sha256:9254f4358b9b541e3441b007a0ea0764b9d056afdeafc1a5569eee1cc6c1b9ea"},
    {file = "lazy_object_proxy-1.4.3-cp38-cp38-manylinux1_x86_64.whl", hash = "sha256:a6ae12d08c0bf9909ce12385803a543bfe99b95fe01e752536a60af2b7797c62"},
    {file = "lazy_object_proxy-1.4.3-cp38-cp38-win32.whl", hash = "sha256:5541cada25cd173702dbd99f8e22434105456314462326f06dba3e180f203dfd"},
    {file = "lazy_object_proxy-1.4.3-cp38-cp38-win_amd64.whl", hash = "sha256:59f79fef100b09564bc2df42ea2d8d21a64fdcda64979c0fa3db7bdaabaf6239"},
]
lxml = [
    {file = "lxml-4.6.1-cp27-cp27m-macosx_10_9_x86_64.whl", hash = "sha256:4b7572145054330c8e324a72d808c8c8fbe12be33368db28c39a255ad5f7fb51"},
    {file = "lxml-4.6.1-cp27-cp27m-manylinux1_i686.whl", hash = "sha256:302160eb6e9764168e01d8c9ec6becddeb87776e81d3fcb0d97954dd51d48e0a"},
    {file = "lxml-4.6.1-cp27-cp27m-manylinux1_x86_64.whl", hash = "sha256:d4ad7fd3269281cb471ad6c7bafca372e69789540d16e3755dd717e9e5c9d82f"},
    {file = "lxml-4.6.1-cp27-cp27m-win32.whl", hash = "sha256:189ad47203e846a7a4951c17694d845b6ade7917c47c64b29b86526eefc3adf5"},
    {file = "lxml-4.6.1-cp27-cp27m-win_amd64.whl", hash = "sha256:56eff8c6fb7bc4bcca395fdff494c52712b7a57486e4fbde34c31bb9da4c6cc4"},
    {file = "lxml-4.6.1-cp27-cp27mu-manylinux1_i686.whl", hash = "sha256:23c83112b4dada0b75789d73f949dbb4e8f29a0a3511647024a398ebd023347b"},
    {file = "lxml-4.6.1-cp27-cp27mu-manylinux1_x86_64.whl", hash = "sha256:0e89f5d422988c65e6936e4ec0fe54d6f73f3128c80eb7ecc3b87f595523607b"},
    {file = "lxml-4.6.1-cp35-cp35m-manylinux1_i686.whl", hash = "sha256:2358809cc64394617f2719147a58ae26dac9e21bae772b45cfb80baa26bfca5d"},
    {file = "lxml-4.6.1-cp35-cp35m-manylinux1_x86_64.whl", hash = "sha256:be1ebf9cc25ab5399501c9046a7dcdaa9e911802ed0e12b7d620cd4bbf0518b3"},
    {file = "lxml-4.6.1-cp35-cp35m-manylinux2014_aarch64.whl", hash = "sha256:4fff34721b628cce9eb4538cf9a73d02e0f3da4f35a515773cce6f5fe413b360"},
    {file = "lxml-4.6.1-cp35-cp35m-win32.whl", hash = "sha256:475325e037fdf068e0c2140b818518cf6bc4aa72435c407a798b2db9f8e90810"},
    {file = "lxml-4.6.1-cp35-cp35m-win_amd64.whl", hash = "sha256:f98b6f256be6cec8dd308a8563976ddaff0bdc18b730720f6f4bee927ffe926f"},
    {file = "lxml-4.6.1-cp36-cp36m-macosx_10_9_x86_64.whl", hash = "sha256:be7c65e34d1b50ab7093b90427cbc488260e4b3a38ef2435d65b62e9fa3d798a"},
    {file = "lxml-4.6.1-cp36-cp36m-manylinux1_i686.whl", hash = "sha256:d18331ea905a41ae71596502bd4c9a2998902328bbabd29e3d0f5f8569fabad1"},
    {file = "lxml-4.6.1-cp36-cp36m-manylinux1_x86_64.whl", hash = "sha256:3d9b2b72eb0dbbdb0e276403873ecfae870599c83ba22cadff2db58541e72856"},
    {file = "lxml-4.6.1-cp36-cp36m-manylinux2014_aarch64.whl", hash = "sha256:d20d32cbb31d731def4b1502294ca2ee99f9249b63bc80e03e67e8f8e126dea8"},
    {file = "lxml-4.6.1-cp36-cp36m-win32.whl", hash = "sha256:d182eada8ea0de61a45a526aa0ae4bcd222f9673424e65315c35820291ff299c"},
    {file = "lxml-4.6.1-cp36-cp36m-win_amd64.whl", hash = "sha256:c0dac835c1a22621ffa5e5f999d57359c790c52bbd1c687fe514ae6924f65ef5"},
    {file = "lxml-4.6.1-cp37-cp37m-macosx_10_9_x86_64.whl", hash = "sha256:d84d741c6e35c9f3e7406cb7c4c2e08474c2a6441d59322a00dcae65aac6315d"},
    {file = "lxml-4.6.1-cp37-cp37m-manylinux1_i686.whl", hash = "sha256:8862d1c2c020cb7a03b421a9a7b4fe046a208db30994fc8ff68c627a7915987f"},
    {file = "lxml-4.6.1-cp37-cp37m-manylinux1_x86_64.whl", hash = "sha256:3a7a380bfecc551cfd67d6e8ad9faa91289173bdf12e9cfafbd2bdec0d7b1ec1"},
    {file = "lxml-4.6.1-cp37-cp37m-manylinux2014_aarch64.whl", hash = "sha256:2d6571c48328be4304aee031d2d5046cbc8aed5740c654575613c5a4f5a11311"},
    {file = "lxml-4.6.1-cp37-cp37m-win32.whl", hash = "sha256:803a80d72d1f693aa448566be46ffd70882d1ad8fc689a2e22afe63035eb998a"},
    {file = "lxml-4.6.1-cp37-cp37m-win_amd64.whl", hash = "sha256:24e811118aab6abe3ce23ff0d7d38932329c513f9cef849d3ee88b0f848f2aa9"},
    {file = "lxml-4.6.1-cp38-cp38-macosx_10_9_x86_64.whl", hash = "sha256:2e311a10f3e85250910a615fe194839a04a0f6bc4e8e5bb5cac221344e3a7891"},
    {file = "lxml-4.6.1-cp38-cp38-manylinux1_i686.whl", hash = "sha256:a71400b90b3599eb7bf241f947932e18a066907bf84617d80817998cee81e4bf"},
    {file = "lxml-4.6.1-cp38-cp38-manylinux1_x86_64.whl", hash = "sha256:211b3bcf5da70c2d4b84d09232534ad1d78320762e2c59dedc73bf01cb1fc45b"},
    {file = "lxml-4.6.1-cp38-cp38-manylinux2014_aarch64.whl", hash = "sha256:e65c221b2115a91035b55a593b6eb94aa1206fa3ab374f47c6dc10d364583ff9"},
    {file = "lxml-4.6.1-cp38-cp38-win32.whl", hash = "sha256:d6f8c23f65a4bfe4300b85f1f40f6c32569822d08901db3b6454ab785d9117cc"},
    {file = "lxml-4.6.1-cp38-cp38-win_amd64.whl", hash = "sha256:573b2f5496c7e9f4985de70b9bbb4719ffd293d5565513e04ac20e42e6e5583f"},
    {file = "lxml-4.6.1-cp39-cp39-macosx_10_9_x86_64.whl", hash = "sha256:098fb713b31050463751dcc694878e1d39f316b86366fb9fe3fbbe5396ac9fab"},
    {file = "lxml-4.6.1-cp39-cp39-manylinux1_i686.whl", hash = "sha256:1d87936cb5801c557f3e981c9c193861264c01209cb3ad0964a16310ca1b3301"},
    {file = "lxml-4.6.1-cp39-cp39-manylinux1_x86_64.whl", hash = "sha256:2d5896ddf5389560257bbe89317ca7bcb4e54a02b53a3e572e1ce4226512b51b"},
    {file = "lxml-4.6.1-cp39-cp39-manylinux2014_aarch64.whl", hash = "sha256:9b06690224258db5cd39a84e993882a6874676f5de582da57f3df3a82ead9174"},
    {file = "lxml-4.6.1-cp39-cp39-win32.whl", hash = "sha256:bb252f802f91f59767dcc559744e91efa9df532240a502befd874b54571417bd"},
    {file = "lxml-4.6.1-cp39-cp39-win_amd64.whl", hash = "sha256:7ecaef52fd9b9535ae5f01a1dd2651f6608e4ec9dc136fc4dfe7ebe3c3ddb230"},
    {file = "lxml-4.6.1.tar.gz", hash = "sha256:c152b2e93b639d1f36ec5a8ca24cde4a8eefb2b6b83668fcd8e83a67badcb367"},
]
mccabe = [
    {file = "mccabe-0.6.1-py2.py3-none-any.whl", hash = "sha256:ab8a6258860da4b6677da4bd2fe5dc2c659cff31b3ee4f7f5d64e79735b80d42"},
    {file = "mccabe-0.6.1.tar.gz", hash = "sha256:dd8d182285a0fe56bace7f45b5e7d1a6ebcbf524e8f3bd87eb0f125271b8831f"},
]
metadir = [
    {file = "metadir-0.0.2.tar.gz", hash = "sha256:887dc87556c6de0470fb53014f0c813c1327f3d521ca55e083ecc9d106ceb3a9"},
]
metaform = [
    {file = "metaform-1.0.2.4.tar.gz", hash = "sha256:82ad18862db4c0b5423128c8a8150d23ffdecf98ed630cd179a6e4309b24b55f"},
]
metatype = [
    {file = "metatype-0.1.3.7.tar.gz", hash = "sha256:749c947fe3500eb626547fed746c3e3c66b38402e170eb5c79b1e33c9648356c"},
]
metawiki = [
    {file = "metawiki-0.1.13.tar.gz", hash = "sha256:24be745b793148b0fcc32f47fa4b491aff3ef33729b4dabce31b9b9bc9ddac04"},
]
mistune = [
    {file = "mistune-0.8.4-py2.py3-none-any.whl", hash = "sha256:88a1051873018da288eee8538d476dffe1262495144b33ecb586c4ab266bb8d4"},
    {file = "mistune-0.8.4.tar.gz", hash = "sha256:59a3429db53c50b5c6bcc8a07f8848cb00d7dc8bdb431a4ab41920d201d4756e"},
]
parse = [
    {file = "parse-1.18.0.tar.gz", hash = "sha256:91666032d6723dc5905248417ef0dc9e4c51df9526aaeef271eacad6491f06a4"},
]
parse-type = [
    {file = "parse_type-0.5.2-py2.py3-none-any.whl", hash = "sha256:089a471b06327103865dfec2dd844230c3c658a4a1b5b4c8b6c16c8f77577f9e"},
    {file = "parse_type-0.5.2.tar.gz", hash = "sha256:7f690b18d35048c15438d6d0571f9045cffbec5907e0b1ccf006f889e3a38c0b"},
]
promise = [
    {file = "promise-2.3.tar.gz", hash = "sha256:dfd18337c523ba4b6a58801c164c1904a9d4d1b1747c7d5dbf45b693a49d93d0"},
]
pycodestyle = [
    {file = "pycodestyle-2.6.0-py2.py3-none-any.whl", hash = "sha256:2295e7b2f6b5bd100585ebcb1f616591b652db8a741695b3d8f5d28bdc934367"},
    {file = "pycodestyle-2.6.0.tar.gz", hash = "sha256:c58a7d2815e0e8d7972bf1803331fb0152f867bd89adf8a01dfd55085434192e"},
]
pydantic = [
    {file = "pydantic-1.7.2-cp36-cp36m-macosx_10_9_x86_64.whl", hash = "sha256:dfaa6ed1d509b5aef4142084206584280bb6e9014f01df931ec6febdad5b200a"},
    {file = "pydantic-1.7.2-cp36-cp36m-manylinux1_i686.whl", hash = "sha256:2182ba2a9290964b278bcc07a8d24207de709125d520efec9ad6fa6f92ee058d"},
    {file = "pydantic-1.7.2-cp36-cp36m-manylinux2014_i686.whl", hash = "sha256:0fe8b45d31ae53d74a6aa0bf801587bd49970070eac6a6326f9fa2a302703b8a"},
    {file = "pydantic-1.7.2-cp36-cp36m-manylinux2014_x86_64.whl", hash = "sha256:01f0291f4951580f320f7ae3f2ecaf0044cdebcc9b45c5f882a7e84453362420"},
    {file = "pydantic-1.7.2-cp36-cp36m-win_amd64.whl", hash = "sha256:4ba6b903e1b7bd3eb5df0e78d7364b7e831ed8b4cd781ebc3c4f1077fbcb72a4"},
    {file = "pydantic-1.7.2-cp37-cp37m-macosx_10_9_x86_64.whl", hash = "sha256:b11fc9530bf0698c8014b2bdb3bbc50243e82a7fa2577c8cfba660bcc819e768"},
    {file = "pydantic-1.7.2-cp37-cp37m-manylinux1_i686.whl", hash = "sha256:a3c274c49930dc047a75ecc865e435f3df89715c775db75ddb0186804d9b04d0"},
    {file = "pydantic-1.7.2-cp37-cp37m-manylinux2014_i686.whl", hash = "sha256:c68b5edf4da53c98bb1ccb556ae8f655575cb2e676aef066c12b08c724a3f1a1"},
    {file = "pydantic-1.7.2-cp37-cp37m-manylinux2014_x86_64.whl", hash = "sha256:95d4410c4e429480c736bba0db6cce5aaa311304aea685ebcf9ee47571bfd7c8"},
    {file = "pydantic-1.7.2-cp37-cp37m-win_amd64.whl", hash = "sha256:a2fc7bf77ed4a7a961d7684afe177ff59971828141e608f142e4af858e07dddc"},
    {file = "pydantic-1.7.2-cp38-cp38-macosx_10_9_x86_64.whl", hash = "sha256:b9572c0db13c8658b4a4cb705dcaae6983aeb9842248b36761b3fbc9010b740f"},
    {file = "pydantic-1.7.2-cp38-cp38-manylinux1_i686.whl", hash = "sha256:f83f679e727742b0c465e7ef992d6da4a7e5268b8edd8fdaf5303276374bef52"},
    {file = "pydantic-1.7.2-cp38-cp38-manylinux2014_i686.whl", hash = "sha256:e5fece30e80087d9b7986104e2ac150647ec1658c4789c89893b03b100ca3164"},
    {file = "pydantic-1.7.2-cp38-cp38-manylinux2014_x86_64.whl", hash = "sha256:ce2d452961352ba229fe1e0b925b41c0c37128f08dddb788d0fd73fd87ea0f66"},
    {file = "pydantic-1.7.2-cp38-cp38-win_amd64.whl", hash = "sha256:fc21a37ff3f545de80b166e1735c4172b41b017948a3fb2d5e2f03c219eac50a"},
    {file = "pydantic-1.7.2-cp39-cp39-macosx_10_9_x86_64.whl", hash = "sha256:c9760d1556ec59ff745f88269a8f357e2b7afc75c556b3a87b8dda5bc62da8ba"},
    {file = "pydantic-1.7.2-cp39-cp39-manylinux1_i686.whl", hash = "sha256:2c1673633ad1eea78b1c5c420a47cd48717d2ef214c8230d96ca2591e9e00958"},
    {file = "pydantic-1.7.2-cp39-cp39-manylinux2014_i686.whl", hash = "sha256:388c0c26c574ff49bad7d0fd6ed82fbccd86a0473fa3900397d3354c533d6ebb"},
    {file = "pydantic-1.7.2-cp39-cp39-manylinux2014_x86_64.whl", hash = "sha256:ab1d5e4d8de00575957e1c982b951bffaedd3204ddd24694e3baca3332e53a23"},
    {file = "pydantic-1.7.2-cp39-cp39-win_amd64.whl", hash = "sha256:f045cf7afb3352a03bc6cb993578a34560ac24c5d004fa33c76efec6ada1361a"},
    {file = "pydantic-1.7.2-py3-none-any.whl", hash = "sha256:6665f7ab7fbbf4d3c1040925ff4d42d7549a8c15fe041164adfe4fc2134d4cce"},
    {file = "pydantic-1.7.2.tar.gz", hash = "sha256:c8200aecbd1fb914e1bd061d71a4d1d79ecb553165296af0c14989b89e90d09b"},
]
pyflakes = [
    {file = "pyflakes-2.2.0-py2.py3-none-any.whl", hash = "sha256:0d94e0e05a19e57a99444b6ddcf9a6eb2e5c68d3ca1e98e90707af8152c90a92"},
    {file = "pyflakes-2.2.0.tar.gz", hash = "sha256:35b2d75ee967ea93b55750aa9edbbf72813e06a66ba54438df2cfac9e3c27fc8"},
]
pylint = [
    {file = "pylint-2.6.0-py3-none-any.whl", hash = "sha256:bfe68f020f8a0fece830a22dd4d5dddb4ecc6137db04face4c3420a46a52239f"},
    {file = "pylint-2.6.0.tar.gz", hash = "sha256:bb4a908c9dadbc3aac18860550e870f58e1a02c9f2c204fdf5693d73be061210"},
]
python-dateutil = [
    {file = "python-dateutil-2.8.1.tar.gz", hash = "sha256:73ebfe9dbf22e832286dafa60473e4cd239f8592f699aa5adaf10050e6e1823c"},
    {file = "python_dateutil-2.8.1-py2.py3-none-any.whl", hash = "sha256:75bb3f31ea686f1197762692a9ee6a7550b59fc6ca3a1f4b5d7e32fb98e2da2a"},
]
python-gnupg = [
    {file = "python-gnupg-0.4.6.tar.gz", hash = "sha256:3aa0884b3bd414652c2385b9df39e7b87272c2eca1b8fcc3089bc9e58652019a"},
    {file = "python_gnupg-0.4.6-py2.py3-none-any.whl", hash = "sha256:cba3566e8a8fb7bb417d6897a6e17bfc7f9371052e57eb0057783c07d762a679"},
]
python-multipart = [
    {file = "python-multipart-0.0.5.tar.gz", hash = "sha256:f7bb5f611fc600d15fa47b3974c8aa16e93724513b49b5f95c81e6624c83fa43"},
]
python-slugify = [
    {file = "python-slugify-4.0.1.tar.gz", hash = "sha256:69a517766e00c1268e5bbfc0d010a0a8508de0b18d30ad5a1ff357f8ae724270"},
]
pytz = [
    {file = "pytz-2020.4-py2.py3-none-any.whl", hash = "sha256:5c55e189b682d420be27c6995ba6edce0c0a77dd67bfbe2ae6607134d5851ffd"},
    {file = "pytz-2020.4.tar.gz", hash = "sha256:3e6b7dd2d1e0a59084bcee14a17af60c5c562cdc16d828e8eba2e683d3a7e268"},
]
pyyaml = [
    {file = "PyYAML-5.3.1-cp27-cp27m-win32.whl", hash = "sha256:74809a57b329d6cc0fdccee6318f44b9b8649961fa73144a98735b0aaf029f1f"},
    {file = "PyYAML-5.3.1-cp27-cp27m-win_amd64.whl", hash = "sha256:240097ff019d7c70a4922b6869d8a86407758333f02203e0fc6ff79c5dcede76"},
    {file = "PyYAML-5.3.1-cp35-cp35m-win32.whl", hash = "sha256:4f4b913ca1a7319b33cfb1369e91e50354d6f07a135f3b901aca02aa95940bd2"},
    {file = "PyYAML-5.3.1-cp35-cp35m-win_amd64.whl", hash = "sha256:cc8955cfbfc7a115fa81d85284ee61147059a753344bc51098f3ccd69b0d7e0c"},
    {file = "PyYAML-5.3.1-cp36-cp36m-win32.whl", hash = "sha256:7739fc0fa8205b3ee8808aea45e968bc90082c10aef6ea95e855e10abf4a37b2"},
    {file = "PyYAML-5.3.1-cp36-cp36m-win_amd64.whl", hash = "sha256:69f00dca373f240f842b2931fb2c7e14ddbacd1397d57157a9b005a6a9942648"},
    {file = "PyYAML-5.3.1-cp37-cp37m-win32.whl", hash = "sha256:d13155f591e6fcc1ec3b30685d50bf0711574e2c0dfffd7644babf8b5102ca1a"},
    {file = "PyYAML-5.3.1-cp37-cp37m-win_amd64.whl", hash = "sha256:73f099454b799e05e5ab51423c7bcf361c58d3206fa7b0d555426b1f4d9a3eaf"},
    {file = "PyYAML-5.3.1-cp38-cp38-win32.whl", hash = "sha256:06a0d7ba600ce0b2d2fe2e78453a470b5a6e000a985dd4a4e54e436cc36b0e97"},
    {file = "PyYAML-5.3.1-cp38-cp38-win_amd64.whl", hash = "sha256:95f71d2af0ff4227885f7a6605c37fd53d3a106fcab511b8860ecca9fcf400ee"},
    {file = "PyYAML-5.3.1.tar.gz", hash = "sha256:b8eac752c5e14d3eca0e6dd9199cd627518cb5ec06add0de9d32baeee6fe645d"},
]
requests = [
    {file = "requests-2.25.0-py2.py3-none-any.whl", hash = "sha256:e786fa28d8c9154e6a4de5d46a1d921b8749f8b74e28bde23768e5e16eece998"},
    {file = "requests-2.25.0.tar.gz", hash = "sha256:7f1a0b932f4a60a1a65caa4263921bb7d9ee911957e0ae4a23a6dd08185ad5f8"},
]
rfc3986 = [
    {file = "rfc3986-1.4.0-py2.py3-none-any.whl", hash = "sha256:af9147e9aceda37c91a05f4deb128d4b4b49d6b199775fd2d2927768abdc8f50"},
    {file = "rfc3986-1.4.0.tar.gz", hash = "sha256:112398da31a3344dc25dbf477d8df6cb34f9278a94fee2625d89e4514be8bb9d"},
]
rx = [
    {file = "Rx-1.6.1-py2.py3-none-any.whl", hash = "sha256:7357592bc7e881a95e0c2013b73326f704953301ab551fbc8133a6fadab84105"},
    {file = "Rx-1.6.1.tar.gz", hash = "sha256:13a1d8d9e252625c173dc795471e614eadfe1cf40ffc684e08b8fff0d9748c23"},
]
six = [
    {file = "six-1.15.0-py2.py3-none-any.whl", hash = "sha256:8b74bedcbbbaca38ff6d7491d76f2b06b3592611af620f8426e82dddb04a5ced"},
    {file = "six-1.15.0.tar.gz", hash = "sha256:30639c035cdb23534cd4aa2dd52c3bf48f06e5f4a941509c8bafd8ce11080259"},
]
sniffio = [
    {file = "sniffio-1.2.0-py3-none-any.whl", hash = "sha256:471b71698eac1c2112a40ce2752bb2f4a4814c22a54a3eed3676bc0f5ca9f663"},
    {file = "sniffio-1.2.0.tar.gz", hash = "sha256:c4666eecec1d3f50960c6bdf61ab7bc350648da6c126e3cf6898d8cd4ddcd3de"},
]
soupsieve = [
    {file = "soupsieve-2.0.1-py3-none-any.whl", hash = "sha256:1634eea42ab371d3d346309b93df7870a88610f0725d47528be902a0d95ecc55"},
    {file = "soupsieve-2.0.1.tar.gz", hash = "sha256:a59dc181727e95d25f781f0eb4fd1825ff45590ec8ff49eadfd7f1a537cc0232"},
]
starlette = [
    {file = "starlette-0.13.6-py3-none-any.whl", hash = "sha256:bd2ffe5e37fb75d014728511f8e68ebf2c80b0fa3d04ca1479f4dc752ae31ac9"},
    {file = "starlette-0.13.6.tar.gz", hash = "sha256:ebe8ee08d9be96a3c9f31b2cb2a24dbdf845247b745664bd8a3f9bd0c977fdbc"},
]
text-unidecode = [
    {file = "text-unidecode-1.3.tar.gz", hash = "sha256:bad6603bb14d279193107714b288be206cac565dfa49aa5b105294dd5c4aab93"},
    {file = "text_unidecode-1.3-py2.py3-none-any.whl", hash = "sha256:1311f10e8b895935241623731c2ba64f4c455287888b18189350b67134a822e8"},
]
textrazor = [
    {file = "textrazor-1.4.0.tar.gz", hash = "sha256:efaad5bcc74741dab0fb43520e8d52aef45710def75f90895d35390f52050e6d"},
]
tinydb = [
    {file = "tinydb-4.2.0-py3-none-any.whl", hash = "sha256:8cfc0bdf7b284e4fa6ae6931dbf9591831368042e706f8d1688ae0307fdc11a3"},
    {file = "tinydb-4.2.0.tar.gz", hash = "sha256:b58964df6f7337bdeb6c8f4938da2876b98fdbd4e1468ddb2ea5fb4b9316ad65"},
]
toml = [
    {file = "toml-0.10.2-py2.py3-none-any.whl", hash = "sha256:806143ae5bfb6a3c6e736a764057db0e6a0e05e338b5630894a5f779cabb4f9b"},
    {file = "toml-0.10.2.tar.gz", hash = "sha256:b3bda1d108d5dd99f4a20d24d9c348e91c4db7ab1b749200bded2f839ccbe68f"},
]
typer = [
    {file = "typer-0.3.2-py3-none-any.whl", hash = "sha256:ba58b920ce851b12a2d790143009fa00ac1d05b3ff3257061ff69dbdfc3d161b"},
    {file = "typer-0.3.2.tar.gz", hash = "sha256:5455d750122cff96745b0dec87368f56d023725a7ebc9d2e54dd23dc86816303"},
]
typology = [
    {file = "typology-0.2.3.tar.gz", hash = "sha256:aa2e43f2526485ff4a47756852fe47124e66fb815ead7cf511a92634583b374f"},
]
unicode = [
    {file = "unicode-2.7-py2.py3-none-any.whl", hash = "sha256:50ffc265ef115e420194338879b8ca260b0d78a1c91e149cc36a3a33f1341adc"},
    {file = "unicode-2.7.tar.gz", hash = "sha256:72e4083667dd4180015c86f640e826d3f57bb10f8f16a33b3eca12aa0390f58b"},
]
urllib3 = [
    {file = "urllib3-1.26.1-py2.py3-none-any.whl", hash = "sha256:61ad24434555a42c0439770462df38b47d05d9e8e353d93ec3742900975e3e65"},
    {file = "urllib3-1.26.1.tar.gz", hash = "sha256:097116a6f16f13482d2a2e56792088b9b2920f4eb6b4f84a2c90555fb673db74"},
]
uvicorn = [
    {file = "uvicorn-0.12.2-py3-none-any.whl", hash = "sha256:e5dbed4a8a44c7b04376021021d63798d6a7bcfae9c654a0b153577b93854fba"},
    {file = "uvicorn-0.12.2.tar.gz", hash = "sha256:8ff7495c74b8286a341526ff9efa3988ebab9a4b2f561c7438c3cb420992d7dd"},
]
websockets = [
    {file = "websockets-8.1-cp36-cp36m-macosx_10_6_intel.whl", hash = "sha256:3762791ab8b38948f0c4d281c8b2ddfa99b7e510e46bd8dfa942a5fff621068c"},
    {file = "websockets-8.1-cp36-cp36m-manylinux1_i686.whl", hash = "sha256:3db87421956f1b0779a7564915875ba774295cc86e81bc671631379371af1170"},
    {file = "websockets-8.1-cp36-cp36m-manylinux1_x86_64.whl", hash = "sha256:4f9f7d28ce1d8f1295717c2c25b732c2bc0645db3215cf757551c392177d7cb8"},
    {file = "websockets-8.1-cp36-cp36m-manylinux2010_i686.whl", hash = "sha256:295359a2cc78736737dd88c343cd0747546b2174b5e1adc223824bcaf3e164cb"},
    {file = "websockets-8.1-cp36-cp36m-manylinux2010_x86_64.whl", hash = "sha256:1d3f1bf059d04a4e0eb4985a887d49195e15ebabc42364f4eb564b1d065793f5"},
    {file = "websockets-8.1-cp36-cp36m-win32.whl", hash = "sha256:2db62a9142e88535038a6bcfea70ef9447696ea77891aebb730a333a51ed559a"},
    {file = "websockets-8.1-cp36-cp36m-win_amd64.whl", hash = "sha256:0e4fb4de42701340bd2353bb2eee45314651caa6ccee80dbd5f5d5978888fed5"},
    {file = "websockets-8.1-cp37-cp37m-macosx_10_6_intel.whl", hash = "sha256:9b248ba3dd8a03b1a10b19efe7d4f7fa41d158fdaa95e2cf65af5a7b95a4f989"},
    {file = "websockets-8.1-cp37-cp37m-manylinux1_i686.whl", hash = "sha256:ce85b06a10fc65e6143518b96d3dca27b081a740bae261c2fb20375801a9d56d"},
    {file = "websockets-8.1-cp37-cp37m-manylinux1_x86_64.whl", hash = "sha256:965889d9f0e2a75edd81a07592d0ced54daa5b0785f57dc429c378edbcffe779"},
    {file = "websockets-8.1-cp37-cp37m-manylinux2010_i686.whl", hash = "sha256:751a556205d8245ff94aeef23546a1113b1dd4f6e4d102ded66c39b99c2ce6c8"},
    {file = "websockets-8.1-cp37-cp37m-manylinux2010_x86_64.whl", hash = "sha256:3ef56fcc7b1ff90de46ccd5a687bbd13a3180132268c4254fc0fa44ecf4fc422"},
    {file = "websockets-8.1-cp37-cp37m-win32.whl", hash = "sha256:7ff46d441db78241f4c6c27b3868c9ae71473fe03341340d2dfdbe8d79310acc"},
    {file = "websockets-8.1-cp37-cp37m-win_amd64.whl", hash = "sha256:20891f0dddade307ffddf593c733a3fdb6b83e6f9eef85908113e628fa5a8308"},
    {file = "websockets-8.1-cp38-cp38-macosx_10_9_x86_64.whl", hash = "sha256:c1ec8db4fac31850286b7cd3b9c0e1b944204668b8eb721674916d4e28744092"},
    {file = "websockets-8.1-cp38-cp38-manylinux1_i686.whl", hash = "sha256:5c01fd846263a75bc8a2b9542606927cfad57e7282965d96b93c387622487485"},
    {file = "websockets-8.1-cp38-cp38-manylinux1_x86_64.whl", hash = "sha256:9bef37ee224e104a413f0780e29adb3e514a5b698aabe0d969a6ba426b8435d1"},
    {file = "websockets-8.1-cp38-cp38-manylinux2010_i686.whl", hash = "sha256:d705f8aeecdf3262379644e4b55107a3b55860eb812b673b28d0fbc347a60c55"},
    {file = "websockets-8.1-cp38-cp38-manylinux2010_x86_64.whl", hash = "sha256:c8a116feafdb1f84607cb3b14aa1418424ae71fee131642fc568d21423b51824"},
    {file = "websockets-8.1-cp38-cp38-win32.whl", hash = "sha256:e898a0863421650f0bebac8ba40840fc02258ef4714cb7e1fd76b6a6354bda36"},
    {file = "websockets-8.1-cp38-cp38-win_amd64.whl", hash = "sha256:f8a7bff6e8664afc4e6c28b983845c5bc14965030e3fb98789734d416af77c4b"},
    {file = "websockets-8.1.tar.gz", hash = "sha256:5c65d2da8c6bce0fca2528f69f44b2f977e06954c8512a952222cea50dad430f"},
]
wrapt = [
    {file = "wrapt-1.12.1.tar.gz", hash = "sha256:b62ffa81fb85f4332a4f609cab4ac40709470da05643a082ec1eb88e6d9b97d7"},
]
