[[package]]
name = "0html"
version = "0.0.0"
description = "Simple HTML data saver."
category = "main"
optional = false
python-versions = "*"

[package.dependencies]
metaform = "*"
metatype = "*"
typer = "*"

[package.extras]
test = ["coverage", "pytest", "pytest-cov"]

[[package]]
name = "aniso8601"
version = "7.0.0"
description = "A library for parsing ISO 8601 strings."
category = "main"
optional = false
python-versions = "*"

[[package]]
name = "astroid"
version = "2.11.7"
description = "An abstract syntax tree for Python with inference support."
category = "dev"
optional = false
python-versions = ">=3.6.2"

[package.dependencies]
lazy-object-proxy = ">=1.4.0"
typing-extensions = {version = ">=3.10", markers = "python_version < \"3.10\""}
wrapt = ">=1.11,<2"

[[package]]
name = "beautifulsoup4"
version = "4.11.1"
description = "Screen-scraping library"
category = "main"
optional = false
python-versions = ">=3.6.0"

[package.dependencies]
soupsieve = ">1.2"

[package.extras]
html5lib = ["html5lib"]
lxml = ["lxml"]

[[package]]
name = "behave"
version = "1.2.6"
description = "behave is behaviour-driven development, Python style"
category = "dev"
optional = false
python-versions = ">=2.6, !=3.0.*, !=3.1.*, !=3.2.*"

[package.dependencies]
parse = ">=1.8.2"
parse-type = ">=0.4.2"
six = ">=1.11"

[package.extras]
develop = ["coverage", "pytest (>=3.0)", "pytest-cov", "tox", "invoke (>=0.21.0)", "path.py (>=8.1.2)", "pycmd", "pathlib", "modernize (>=0.5)", "pylint"]
docs = ["sphinx (>=1.6)", "sphinx-bootstrap-theme (>=0.6)"]

[[package]]
name = "boltons"
version = "21.0.0"
description = "When they're not builtins, they're boltons."
category = "main"
optional = false
python-versions = "*"

[[package]]
name = "bs4"
version = "0.0.1"
description = "Dummy package for Beautiful Soup"
category = "main"
optional = false
python-versions = "*"

[package.dependencies]
beautifulsoup4 = "*"

[[package]]
name = "certifi"
version = "2022.6.15"
description = "Python package for providing Mozilla's CA Bundle."
category = "main"
optional = false
python-versions = ">=3.6"

[[package]]
name = "charset-normalizer"
version = "2.1.0"
description = "The Real First Universal Charset Detector. Open, modern and actively maintained alternative to Chardet."
category = "main"
optional = false
python-versions = ">=3.6.0"

[package.extras]
unicode_backport = ["unicodedata2"]

[[package]]
name = "click"
version = "7.1.2"
description = "Composable command line interface toolkit"
category = "main"
optional = false
python-versions = ">=2.7, !=3.0.*, !=3.1.*, !=3.2.*, !=3.3.*, !=3.4.*"

[[package]]
name = "colorama"
version = "0.4.5"
description = "Cross-platform colored terminal text."
category = "dev"
optional = false
python-versions = ">=2.7, !=3.0.*, !=3.1.*, !=3.2.*, !=3.3.*, !=3.4.*"

[[package]]
name = "dill"
version = "0.3.5.1"
description = "serialize all of python"
category = "dev"
optional = false
python-versions = ">=2.7, !=3.0.*, !=3.1.*, !=3.2.*, !=3.3.*, !=3.4.*, !=3.5.*, !=3.6.*"

[package.extras]
graph = ["objgraph (>=1.7.2)"]

[[package]]
name = "docopt"
version = "0.6.2"
description = "Pythonic argument parser, that will make you smile"
category = "main"
optional = false
python-versions = "*"

[[package]]
name = "fastapi"
version = "0.61.2"
description = "FastAPI framework, high performance, easy to learn, fast to code, ready for production"
category = "main"
optional = false
python-versions = ">=3.6"

[package.dependencies]
pydantic = ">=1.0.0,<2.0.0"
starlette = "0.13.6"

[package.extras]
all = ["requests (>=2.24.0,<3.0.0)", "aiofiles (>=0.5.0,<0.6.0)", "jinja2 (>=2.11.2,<3.0.0)", "python-multipart (>=0.0.5,<0.0.6)", "itsdangerous (>=1.1.0,<2.0.0)", "pyyaml (>=5.3.1,<6.0.0)", "graphene (>=2.1.8,<3.0.0)", "ujson (>=3.0.0,<4.0.0)", "orjson (>=3.2.1,<4.0.0)", "email_validator (>=1.1.1,<2.0.0)", "uvicorn (>=0.11.5,<0.12.0)", "async_exit_stack (>=1.0.1,<2.0.0)", "async_generator (>=1.10,<2.0.0)"]
dev = ["python-jose[cryptography] (>=3.1.0,<4.0.0)", "passlib[bcrypt] (>=1.7.2,<2.0.0)", "autoflake (>=1.3.1,<2.0.0)", "flake8 (>=3.8.3,<4.0.0)", "uvicorn (>=0.11.5,<0.12.0)", "graphene (>=2.1.8,<3.0.0)"]
doc = ["mkdocs (>=1.1.2,<2.0.0)", "mkdocs-material (>=5.5.0,<6.0.0)", "markdown-include (>=0.5.1,<0.6.0)", "mkdocs-markdownextradata-plugin (>=0.1.7,<0.2.0)", "typer (>=0.3.0,<0.4.0)", "typer-cli (>=0.0.9,<0.0.10)", "pyyaml (>=5.3.1,<6.0.0)"]
test = ["pytest (==5.4.3)", "pytest-cov (==2.10.0)", "pytest-asyncio (>=0.14.0,<0.15.0)", "mypy (==0.782)", "flake8 (>=3.8.3,<4.0.0)", "black (==19.10b0)", "isort (>=5.0.6,<6.0.0)", "requests (>=2.24.0,<3.0.0)", "httpx (>=0.14.0,<0.15.0)", "email_validator (>=1.1.1,<2.0.0)", "sqlalchemy (>=1.3.18,<2.0.0)", "peewee (>=3.13.3,<4.0.0)", "databases[sqlite] (>=0.3.2,<0.4.0)", "orjson (>=3.2.1,<4.0.0)", "async_exit_stack (>=1.0.1,<2.0.0)", "async_generator (>=1.10,<2.0.0)", "python-multipart (>=0.0.5,<0.0.6)", "aiofiles (>=0.5.0,<0.6.0)", "flask (>=1.1.2,<2.0.0)"]

[[package]]
name = "flake8"
version = "3.9.2"
description = "the modular source code checker: pep8 pyflakes and co"
category = "dev"
optional = false
python-versions = "!=3.0.*,!=3.1.*,!=3.2.*,!=3.3.*,!=3.4.*,>=2.7"

[package.dependencies]
mccabe = ">=0.6.0,<0.7.0"
pycodestyle = ">=2.7.0,<2.8.0"
pyflakes = ">=2.3.0,<2.4.0"

[[package]]
name = "gpgrecord"
version = "0.0.5"
description = "Encrypt/Decrypt interface for GPG record compatiable with JSON via base64."
category = "main"
optional = false
python-versions = "*"

[package.dependencies]
python-gnupg = ">=0.4.4"

[package.extras]
test = ["coverage", "pytest", "pytest-cov"]

[[package]]
name = "graphene"
version = "2.1.9"
description = "GraphQL Framework for Python"
category = "main"
optional = false
python-versions = "*"

[package.dependencies]
aniso8601 = ">=3,<=7"
graphql-core = ">=2.1,<3"
graphql-relay = ">=2,<3"
six = ">=1.10.0,<2"

[package.extras]
django = ["graphene-django"]
sqlalchemy = ["graphene-sqlalchemy"]
test = ["pytest", "pytest-benchmark", "pytest-cov", "pytest-mock", "fastdiff (==0.2.0)", "snapshottest", "coveralls", "promise", "six", "mock", "pytz", "iso8601"]

[[package]]
name = "graphql-core"
version = "2.3.2"
description = "GraphQL implementation for Python"
category = "main"
optional = false
python-versions = "*"

[package.dependencies]
promise = ">=2.3,<3"
rx = ">=1.6,<2"
six = ">=1.10.0"

[package.extras]
gevent = ["gevent (>=1.1)"]
test = ["six (==1.14.0)", "pyannotate (==1.2.0)", "pytest (==4.6.10)", "pytest-django (==3.9.0)", "pytest-cov (==2.8.1)", "coveralls (==1.11.1)", "cython (==0.29.17)", "gevent (==1.5.0)", "pytest-benchmark (==3.2.3)", "pytest-mock (==2.0.0)"]

[[package]]
name = "graphql-relay"
version = "2.0.1"
description = "Relay implementation for Python"
category = "main"
optional = false
python-versions = "*"

[package.dependencies]
graphql-core = ">=2.2,<3"
promise = ">=2.2,<3"
six = ">=1.12"

[[package]]
name = "h11"
version = "0.13.0"
description = "A pure-Python, bring-your-own-I/O implementation of HTTP/1.1"
category = "main"
optional = false
python-versions = ">=3.6"

[[package]]
name = "hanziconv"
version = "0.3.2"
description = "Hanzi Converter for Traditional and Simplified Chinese"
category = "main"
optional = false
python-versions = "*"

[[package]]
name = "html2markdown"
version = "0.1.7"
description = "Conservatively convert html to markdown"
category = "main"
optional = false
python-versions = "*"

[package.dependencies]
beautifulsoup4 = "*"

[[package]]
name = "httpcore"
version = "0.12.3"
description = "A minimal low-level HTTP client."
category = "main"
optional = false
python-versions = ">=3.6"

[package.dependencies]
h11 = "<1.0.0"
sniffio = ">=1.0.0,<2.0.0"

[package.extras]
http2 = ["h2 (>=3,<5)"]

[[package]]
name = "httpx"
version = "0.16.1"
description = "The next generation HTTP client."
category = "main"
optional = false
python-versions = ">=3.6"

[package.dependencies]
certifi = "*"
httpcore = ">=0.12.0,<0.13.0"
rfc3986 = {version = ">=1.3,<2", extras = ["idna2008"]}
sniffio = "*"

[package.extras]
brotli = ["brotlipy (>=0.7.0,<0.8.0)"]
http2 = ["h2 (>=3.0.0,<4.0.0)"]

[[package]]
name = "idna"
version = "3.3"
description = "Internationalized Domain Names in Applications (IDNA)"
category = "main"
optional = false
python-versions = ">=3.5"

[[package]]
name = "isort"
version = "5.10.1"
description = "A Python utility / library to sort Python imports."
category = "dev"
optional = false
python-versions = ">=3.6.1,<4.0"

[package.extras]
pipfile_deprecated_finder = ["pipreqs", "requirementslib"]
requirements_deprecated_finder = ["pipreqs", "pip-api"]
colors = ["colorama (>=0.4.3,<0.5.0)"]
plugins = ["setuptools"]

[[package]]
name = "lazy-object-proxy"
version = "1.7.1"
description = "A fast and thorough lazy object proxy."
category = "dev"
optional = false
python-versions = ">=3.6"

[[package]]
name = "lxml"
version = "4.9.1"
description = "Powerful and Pythonic XML processing library combining libxml2/libxslt with the ElementTree API."
category = "main"
optional = false
python-versions = ">=2.7, !=3.0.*, !=3.1.*, !=3.2.*, !=3.3.*, != 3.4.*"

[package.extras]
cssselect = ["cssselect (>=0.7)"]
html5 = ["html5lib"]
htmlsoup = ["beautifulsoup4"]
source = ["Cython (>=0.29.7)"]

[[package]]
name = "mccabe"
version = "0.6.1"
description = "McCabe checker, plugin for flake8"
category = "dev"
optional = false
python-versions = "*"

[[package]]
name = "metadir"
version = "0.0.2"
description = "A command line program to generate SCANME.md file content."
category = "main"
optional = false
python-versions = "*"

[package.dependencies]
docopt = "*"
pyyaml = "*"

[package.extras]
test = ["coverage", "pytest", "pytest-cov"]

[[package]]
name = "metaform"
version = "1.0.2.4"
description = "A utility for defining metadata for data types and formats."
category = "main"
optional = false
python-versions = "*"

[package.dependencies]
metadir = "*"
metawiki = "*"
python-dateutil = "*"
tinydb = "*"
typology = "*"

[package.extras]
develop = ["pre-commit (==1.18.3)", "coverage (==4.5.4)", "flake8 (==3.7.8)", "isort (==4.3.21)"]

[[package]]
name = "metatype"
version = "0.1.3.7"
description = "Implementation of base dict types for metaformat versions."
category = "main"
optional = false
python-versions = "*"

[package.dependencies]
gpgrecord = "*"
metawiki = "*"
python-dateutil = "*"
typology = "*"

[package.extras]
test = ["coverage", "pytest", "pytest-cov"]

[[package]]
name = "metawiki"
version = "0.1.13"
description = "A simple map for urls of definitions in notable sources."
category = "main"
optional = false
python-versions = "*"

[package.dependencies]
parse = "*"

[package.extras]
test = ["coverage", "pytest", "pytest-cov"]

[[package]]
name = "mistune"
version = "2.0.4"
description = "A sane Markdown parser with useful plugins and renderers"
category = "main"
optional = false
python-versions = "*"

[[package]]
name = "parse"
version = "1.19.0"
description = "parse() is the opposite of format()"
category = "main"
optional = false
python-versions = "*"

[[package]]
name = "parse-type"
version = "0.6.0"
description = "Simplifies to build parse types based on the parse module"
category = "dev"
optional = false
python-versions = ">=2.7, !=3.0.*, !=3.1.*"

[package.dependencies]
parse = {version = ">=1.18.0", markers = "python_version >= \"3.0\""}
six = ">=1.11"

[package.extras]
develop = ["coverage (>=4.4)", "pytest-html (>=1.19.0)", "pytest-cov", "tox (>=2.8)", "pytest (<5.0)", "pytest (>=5.0)"]
docs = ["sphinx (>=1.2)"]

[[package]]
name = "platformdirs"
version = "2.5.2"
description = "A small Python module for determining appropriate platform-specific dirs, e.g. a \"user data dir\"."
category = "dev"
optional = false
python-versions = ">=3.7"

[package.extras]
docs = ["furo (>=2021.7.5b38)", "proselint (>=0.10.2)", "sphinx-autodoc-typehints (>=1.12)", "sphinx (>=4)"]
test = ["appdirs (==1.4.4)", "pytest-cov (>=2.7)", "pytest-mock (>=3.6)", "pytest (>=6)"]

[[package]]
name = "promise"
version = "2.3"
description = "Promises/A+ implementation for Python"
category = "main"
optional = false
python-versions = "*"

[package.dependencies]
six = "*"

[package.extras]
test = ["pytest (>=2.7.3)", "pytest-cov", "coveralls", "futures", "pytest-benchmark", "mock"]

[[package]]
name = "pycodestyle"
version = "2.7.0"
description = "Python style guide checker"
category = "dev"
optional = false
python-versions = ">=2.7, !=3.0.*, !=3.1.*, !=3.2.*, !=3.3.*"

[[package]]
name = "pydantic"
version = "1.9.1"
description = "Data validation and settings management using python type hints"
category = "main"
optional = false
python-versions = ">=3.6.1"

[package.dependencies]
typing-extensions = ">=3.7.4.3"

[package.extras]
dotenv = ["python-dotenv (>=0.10.4)"]
email = ["email-validator (>=1.0.3)"]

[[package]]
name = "pyflakes"
version = "2.3.1"
description = "passive checker of Python programs"
category = "dev"
optional = false
python-versions = ">=2.7, !=3.0.*, !=3.1.*, !=3.2.*, !=3.3.*"

[[package]]
name = "pylint"
version = "2.14.5"
description = "python code static checker"
category = "dev"
optional = false
python-versions = ">=3.7.2"

[package.dependencies]
astroid = ">=2.11.6,<=2.12.0-dev0"
colorama = {version = ">=0.4.5", markers = "sys_platform == \"win32\""}
dill = ">=0.2"
isort = ">=4.2.5,<6"
mccabe = ">=0.6,<0.8"
platformdirs = ">=2.2.0"
tomli = {version = ">=1.1.0", markers = "python_version < \"3.11\""}
tomlkit = ">=0.10.1"
typing-extensions = {version = ">=3.10.0", markers = "python_version < \"3.10\""}

[package.extras]
spelling = ["pyenchant (>=3.2,<4.0)"]
testutils = ["gitpython (>3)"]

[[package]]
name = "python-dateutil"
version = "2.8.2"
description = "Extensions to the standard Python datetime module"
category = "main"
optional = false
python-versions = "!=3.0.*,!=3.1.*,!=3.2.*,>=2.7"

[package.dependencies]
six = ">=1.5"

[[package]]
name = "python-gnupg"
version = "0.4.9"
description = "A wrapper for the Gnu Privacy Guard (GPG or GnuPG)"
category = "main"
optional = false
python-versions = "*"

[[package]]
name = "python-multipart"
version = "0.0.5"
description = "A streaming multipart parser for Python"
category = "main"
optional = false
python-versions = "*"

[package.dependencies]
six = ">=1.4.0"

[[package]]
name = "python-slugify"
version = "6.1.2"
description = "A Python slugify application that also handles Unicode"
category = "main"
optional = false
python-versions = ">=2.7, !=3.0.*, !=3.1.*, !=3.2.*, !=3.3.*, !=3.4.*, !=3.5.*"

[package.dependencies]
text-unidecode = ">=1.3"

[package.extras]
unidecode = ["Unidecode (>=1.1.1)"]

[[package]]
name = "pytz"
version = "2020.5"
description = "World timezone definitions, modern and historical"
category = "main"
optional = false
python-versions = "*"

[[package]]
name = "pyyaml"
version = "5.4.1"
description = "YAML parser and emitter for Python"
category = "main"
optional = false
python-versions = ">=2.7, !=3.0.*, !=3.1.*, !=3.2.*, !=3.3.*, !=3.4.*, !=3.5.*"

[[package]]
name = "requests"
version = "2.28.1"
description = "Python HTTP for Humans."
category = "main"
optional = false
python-versions = ">=3.7, <4"

[package.dependencies]
certifi = ">=2017.4.17"
charset-normalizer = ">=2,<3"
idna = ">=2.5,<4"
urllib3 = ">=1.21.1,<1.27"

[package.extras]
socks = ["PySocks (>=1.5.6,!=1.5.7)"]
use_chardet_on_py3 = ["chardet (>=3.0.2,<6)"]

[[package]]
name = "rfc3986"
version = "1.5.0"
description = "Validating URI References per RFC 3986"
category = "main"
optional = false
python-versions = "*"

[package.dependencies]
idna = {version = "*", optional = true, markers = "extra == \"idna2008\""}

[package.extras]
idna2008 = ["idna"]

[[package]]
name = "rx"
version = "1.6.1"
description = "Reactive Extensions (Rx) for Python"
category = "main"
optional = false
python-versions = "*"

[[package]]
name = "six"
version = "1.16.0"
description = "Python 2 and 3 compatibility utilities"
category = "main"
optional = false
python-versions = ">=2.7, !=3.0.*, !=3.1.*, !=3.2.*"

[[package]]
name = "sniffio"
version = "1.2.0"
description = "Sniff out which async library your code is running under"
category = "main"
optional = false
python-versions = ">=3.5"

[[package]]
name = "soupsieve"
version = "2.3.2.post1"
description = "A modern CSS selector implementation for Beautiful Soup."
category = "main"
optional = false
python-versions = ">=3.6"

[[package]]
name = "starlette"
version = "0.13.6"
description = "The little ASGI library that shines."
category = "main"
optional = false
python-versions = ">=3.6"

[package.extras]
full = ["aiofiles", "graphene", "itsdangerous", "jinja2", "python-multipart", "pyyaml", "requests", "ujson"]

[[package]]
name = "text-unidecode"
version = "1.3"
description = "The most basic Text::Unidecode port"
category = "main"
optional = false
python-versions = "*"

[[package]]
name = "textrazor"
version = "1.4.0"
description = "Official Python SDK for TextRazor (https://textrazor.com)."
category = "main"
optional = false
python-versions = "*"

[[package]]
name = "tinydb"
version = "4.7.0"
description = "TinyDB is a tiny, document oriented database optimized for your happiness :)"
category = "main"
optional = false
python-versions = ">=3.6,<4.0"

[[package]]
name = "tomli"
version = "2.0.1"
description = "A lil' TOML parser"
category = "dev"
optional = false
python-versions = ">=3.7"

[[package]]
name = "tomlkit"
version = "0.11.1"
description = "Style preserving TOML library"
category = "dev"
optional = false
python-versions = ">=3.6,<4.0"

[[package]]
name = "typer"
version = "0.6.1"
description = "Typer, build great CLIs. Easy to code. Based on Python type hints."
category = "main"
optional = false
python-versions = ">=3.6"

[package.dependencies]
click = ">=7.1.1,<9.0.0"

[package.extras]
all = ["colorama (>=0.4.3,<0.5.0)", "shellingham (>=1.3.0,<2.0.0)", "rich (>=10.11.0,<13.0.0)"]
dev = ["autoflake (>=1.3.1,<2.0.0)", "flake8 (>=3.8.3,<4.0.0)", "pre-commit (>=2.17.0,<3.0.0)"]
doc = ["mkdocs (>=1.1.2,<2.0.0)", "mkdocs-material (>=8.1.4,<9.0.0)", "mdx-include (>=1.4.1,<2.0.0)"]
test = ["shellingham (>=1.3.0,<2.0.0)", "pytest (>=4.4.0,<5.4.0)", "pytest-cov (>=2.10.0,<3.0.0)", "coverage (>=5.2,<6.0)", "pytest-xdist (>=1.32.0,<2.0.0)", "pytest-sugar (>=0.9.4,<0.10.0)", "mypy (==0.910)", "black (>=22.3.0,<23.0.0)", "isort (>=5.0.6,<6.0.0)", "rich (>=10.11.0,<13.0.0)"]

[[package]]
name = "typing-extensions"
version = "4.3.0"
description = "Backported and Experimental Type Hints for Python 3.7+"
category = "main"
optional = false
python-versions = ">=3.7"

[[package]]
name = "typology"
version = "0.2.3"
description = "Python formats derived from vocabulary concepts."
category = "main"
optional = false
python-versions = "*"

[package.dependencies]
boltons = "*"
bs4 = "*"
hanziconv = "*"
metawiki = "*"
mistune = "*"
python-slugify = "*"
PyYAML = "*"
requests = "*"

[package.extras]
test = ["coverage", "pytest", "pytest-cov"]

[[package]]
name = "unicode"
version = "2.9"
description = "Display unicode character properties"
category = "main"
optional = false
python-versions = "*"

[[package]]
name = "urllib3"
version = "1.26.10"
description = "HTTP library with thread-safe connection pooling, file post, and more."
category = "main"
optional = false
python-versions = ">=2.7, !=3.0.*, !=3.1.*, !=3.2.*, !=3.3.*, !=3.4.*, !=3.5.*, <4"

[package.extras]
brotli = ["brotlicffi (>=0.8.0)", "brotli (>=1.0.9)", "brotlipy (>=0.6.0)"]
secure = ["pyOpenSSL (>=0.14)", "cryptography (>=1.3.4)", "idna (>=2.0.0)", "certifi", "ipaddress"]
socks = ["PySocks (>=1.5.6,!=1.5.7,<2.0)"]

[[package]]
name = "uvicorn"
version = "0.12.3"
description = "The lightning-fast ASGI server."
category = "main"
optional = false
python-versions = "*"

[package.dependencies]
click = ">=7.0.0,<8.0.0"
h11 = ">=0.8"

[package.extras]
standard = ["websockets (>=8.0.0,<9.0.0)", "watchgod (>=0.6,<0.7)", "python-dotenv (>=0.13)", "PyYAML (>=5.1)", "httptools (>=0.1.0,<0.2.0)", "uvloop (>=0.14.0)", "colorama (>=0.4)"]

[[package]]
name = "websockets"
version = "8.1"
description = "An implementation of the WebSocket Protocol (RFC 6455 & 7692)"
category = "main"
optional = false
python-versions = ">=3.6.1"

[[package]]
name = "wrapt"
version = "1.14.1"
description = "Module for decorators, wrappers and monkey patching."
category = "dev"
optional = false
python-versions = "!=3.0.*,!=3.1.*,!=3.2.*,!=3.3.*,!=3.4.*,>=2.7"

[metadata]
lock-version = "1.1"
python-versions = "^3.8"
content-hash = "66560d1c5d80551a9d0b8c0eb84f80d01063a3698e455f7565b335881ddda73c"

[metadata.files]
0html = []
aniso8601 = []
astroid = []
beautifulsoup4 = [
    {file = "beautifulsoup4-4.11.1-py3-none-any.whl", hash = "sha256:58d5c3d29f5a36ffeb94f02f0d786cd53014cf9b3b3951d42e0080d8a9498d30"},
    {file = "beautifulsoup4-4.11.1.tar.gz", hash = "sha256:ad9aa55b65ef2808eb405f46cf74df7fcb7044d5cbc26487f96eb2ef2e436693"},
]
behave = [
    {file = "behave-1.2.6-py2.py3-none-any.whl", hash = "sha256:ebda1a6c9e5bfe95c5f9f0a2794e01c7098b3dde86c10a95d8621c5907ff6f1c"},
    {file = "behave-1.2.6.tar.gz", hash = "sha256:b9662327aa53294c1351b0a9c369093ccec1d21026f050c3bd9b3e5cccf81a86"},
]
boltons = []
bs4 = [
    {file = "bs4-0.0.1.tar.gz", hash = "sha256:36ecea1fd7cc5c0c6e4a1ff075df26d50da647b75376626cc186e2212886dd3a"},
]
certifi = []
charset-normalizer = []
click = [
    {file = "click-7.1.2-py2.py3-none-any.whl", hash = "sha256:dacca89f4bfadd5de3d7489b7c8a566eee0d3676333fbb50030263894c38c0dc"},
    {file = "click-7.1.2.tar.gz", hash = "sha256:d2b5255c7c6349bc1bd1e59e08cd12acbbd63ce649f2588755783aa94dfb6b1a"},
]
colorama = []
dill = []
docopt = []
fastapi = [
    {file = "fastapi-0.61.2-py3-none-any.whl", hash = "sha256:8c8517680a221e69eb34073adf46c503092db2f24845b7bdc7f85b54f24ff0df"},
    {file = "fastapi-0.61.2.tar.gz", hash = "sha256:9e0494fcbba98f85b8cc9b2606bb6b625246e1b12f79ca61f508b0b00843eca6"},
]
flake8 = []
gpgrecord = []
graphene = []
graphql-core = []
graphql-relay = []
h11 = [
    {file = "h11-0.13.0-py3-none-any.whl", hash = "sha256:8ddd78563b633ca55346c8cd41ec0af27d3c79931828beffb46ce70a379e7442"},
    {file = "h11-0.13.0.tar.gz", hash = "sha256:70813c1135087a248a4d38cc0e1a0181ffab2188141a93eaf567940c3957ff06"},
]
hanziconv = []
html2markdown = []
httpcore = []
httpx = []
idna = [
    {file = "idna-3.3-py3-none-any.whl", hash = "sha256:84d9dd047ffa80596e0f246e2eab0b391788b0503584e8945f2368256d2735ff"},
    {file = "idna-3.3.tar.gz", hash = "sha256:9d643ff0a55b762d5cdb124b8eaa99c66322e2157b69160bc32796e824360e6d"},
]
isort = [
    {file = "isort-5.10.1-py3-none-any.whl", hash = "sha256:6f62d78e2f89b4500b080fe3a81690850cd254227f27f75c3a0c491a1f351ba7"},
    {file = "isort-5.10.1.tar.gz", hash = "sha256:e8443a5e7a020e9d7f97f1d7d9cd17c88bcb3bc7e218bf9cf5095fe550be2951"},
]
lazy-object-proxy = [
    {file = "lazy-object-proxy-1.7.1.tar.gz", hash = "sha256:d609c75b986def706743cdebe5e47553f4a5a1da9c5ff66d76013ef396b5a8a4"},
    {file = "lazy_object_proxy-1.7.1-cp310-cp310-macosx_10_9_x86_64.whl", hash = "sha256:bb8c5fd1684d60a9902c60ebe276da1f2281a318ca16c1d0a96db28f62e9166b"},
    {file = "lazy_object_proxy-1.7.1-cp310-cp310-manylinux_2_17_aarch64.manylinux2014_aarch64.whl", hash = "sha256:a57d51ed2997e97f3b8e3500c984db50a554bb5db56c50b5dab1b41339b37e36"},
    {file = "lazy_object_proxy-1.7.1-cp310-cp310-manylinux_2_5_x86_64.manylinux1_x86_64.manylinux_2_17_x86_64.manylinux2014_x86_64.whl", hash = "sha256:fd45683c3caddf83abbb1249b653a266e7069a09f486daa8863fb0e7496a9fdb"},
    {file = "lazy_object_proxy-1.7.1-cp310-cp310-musllinux_1_1_aarch64.whl", hash = "sha256:8561da8b3dd22d696244d6d0d5330618c993a215070f473b699e00cf1f3f6443"},
    {file = "lazy_object_proxy-1.7.1-cp310-cp310-musllinux_1_1_x86_64.whl", hash = "sha256:fccdf7c2c5821a8cbd0a9440a456f5050492f2270bd54e94360cac663398739b"},
    {file = "lazy_object_proxy-1.7.1-cp310-cp310-win32.whl", hash = "sha256:898322f8d078f2654d275124a8dd19b079080ae977033b713f677afcfc88e2b9"},
    {file = "lazy_object_proxy-1.7.1-cp310-cp310-win_amd64.whl", hash = "sha256:85b232e791f2229a4f55840ed54706110c80c0a210d076eee093f2b2e33e1bfd"},
    {file = "lazy_object_proxy-1.7.1-cp36-cp36m-macosx_10_9_x86_64.whl", hash = "sha256:46ff647e76f106bb444b4533bb4153c7370cdf52efc62ccfc1a28bdb3cc95442"},
    {file = "lazy_object_proxy-1.7.1-cp36-cp36m-manylinux_2_17_aarch64.manylinux2014_aarch64.whl", hash = "sha256:12f3bb77efe1367b2515f8cb4790a11cffae889148ad33adad07b9b55e0ab22c"},
    {file = "lazy_object_proxy-1.7.1-cp36-cp36m-manylinux_2_5_x86_64.manylinux1_x86_64.manylinux_2_17_x86_64.manylinux2014_x86_64.whl", hash = "sha256:c19814163728941bb871240d45c4c30d33b8a2e85972c44d4e63dd7107faba44"},
    {file = "lazy_object_proxy-1.7.1-cp36-cp36m-musllinux_1_1_aarch64.whl", hash = "sha256:e40f2013d96d30217a51eeb1db28c9ac41e9d0ee915ef9d00da639c5b63f01a1"},
    {file = "lazy_object_proxy-1.7.1-cp36-cp36m-musllinux_1_1_x86_64.whl", hash = "sha256:2052837718516a94940867e16b1bb10edb069ab475c3ad84fd1e1a6dd2c0fcfc"},
    {file = "lazy_object_proxy-1.7.1-cp36-cp36m-win32.whl", hash = "sha256:6a24357267aa976abab660b1d47a34aaf07259a0c3859a34e536f1ee6e76b5bb"},
    {file = "lazy_object_proxy-1.7.1-cp36-cp36m-win_amd64.whl", hash = "sha256:6aff3fe5de0831867092e017cf67e2750c6a1c7d88d84d2481bd84a2e019ec35"},
    {file = "lazy_object_proxy-1.7.1-cp37-cp37m-macosx_10_9_x86_64.whl", hash = "sha256:6a6e94c7b02641d1311228a102607ecd576f70734dc3d5e22610111aeacba8a0"},
    {file = "lazy_object_proxy-1.7.1-cp37-cp37m-manylinux_2_17_aarch64.manylinux2014_aarch64.whl", hash = "sha256:c4ce15276a1a14549d7e81c243b887293904ad2d94ad767f42df91e75fd7b5b6"},
    {file = "lazy_object_proxy-1.7.1-cp37-cp37m-manylinux_2_5_x86_64.manylinux1_x86_64.manylinux_2_17_x86_64.manylinux2014_x86_64.whl", hash = "sha256:e368b7f7eac182a59ff1f81d5f3802161932a41dc1b1cc45c1f757dc876b5d2c"},
    {file = "lazy_object_proxy-1.7.1-cp37-cp37m-musllinux_1_1_aarch64.whl", hash = "sha256:6ecbb350991d6434e1388bee761ece3260e5228952b1f0c46ffc800eb313ff42"},
    {file = "lazy_object_proxy-1.7.1-cp37-cp37m-musllinux_1_1_x86_64.whl", hash = "sha256:553b0f0d8dbf21890dd66edd771f9b1b5f51bd912fa5f26de4449bfc5af5e029"},
    {file = "lazy_object_proxy-1.7.1-cp37-cp37m-win32.whl", hash = "sha256:c7a683c37a8a24f6428c28c561c80d5f4fd316ddcf0c7cab999b15ab3f5c5c69"},
    {file = "lazy_object_proxy-1.7.1-cp37-cp37m-win_amd64.whl", hash = "sha256:df2631f9d67259dc9620d831384ed7732a198eb434eadf69aea95ad18c587a28"},
    {file = "lazy_object_proxy-1.7.1-cp38-cp38-macosx_10_9_x86_64.whl", hash = "sha256:07fa44286cda977bd4803b656ffc1c9b7e3bc7dff7d34263446aec8f8c96f88a"},
    {file = "lazy_object_proxy-1.7.1-cp38-cp38-manylinux_2_17_aarch64.manylinux2014_aarch64.whl", hash = "sha256:4dca6244e4121c74cc20542c2ca39e5c4a5027c81d112bfb893cf0790f96f57e"},
    {file = "lazy_object_proxy-1.7.1-cp38-cp38-manylinux_2_5_x86_64.manylinux1_x86_64.manylinux_2_17_x86_64.manylinux2014_x86_64.whl", hash = "sha256:91ba172fc5b03978764d1df5144b4ba4ab13290d7bab7a50f12d8117f8630c38"},
    {file = "lazy_object_proxy-1.7.1-cp38-cp38-musllinux_1_1_aarch64.whl", hash = "sha256:043651b6cb706eee4f91854da4a089816a6606c1428fd391573ef8cb642ae4f7"},
    {file = "lazy_object_proxy-1.7.1-cp38-cp38-musllinux_1_1_x86_64.whl", hash = "sha256:b9e89b87c707dd769c4ea91f7a31538888aad05c116a59820f28d59b3ebfe25a"},
    {file = "lazy_object_proxy-1.7.1-cp38-cp38-win32.whl", hash = "sha256:9d166602b525bf54ac994cf833c385bfcc341b364e3ee71e3bf5a1336e677b55"},
    {file = "lazy_object_proxy-1.7.1-cp38-cp38-win_amd64.whl", hash = "sha256:8f3953eb575b45480db6568306893f0bd9d8dfeeebd46812aa09ca9579595148"},
    {file = "lazy_object_proxy-1.7.1-cp39-cp39-macosx_10_9_x86_64.whl", hash = "sha256:dd7ed7429dbb6c494aa9bc4e09d94b778a3579be699f9d67da7e6804c422d3de"},
    {file = "lazy_object_proxy-1.7.1-cp39-cp39-manylinux_2_17_aarch64.manylinux2014_aarch64.whl", hash = "sha256:70ed0c2b380eb6248abdef3cd425fc52f0abd92d2b07ce26359fcbc399f636ad"},
    {file = "lazy_object_proxy-1.7.1-cp39-cp39-manylinux_2_5_x86_64.manylinux1_x86_64.manylinux_2_17_x86_64.manylinux2014_x86_64.whl", hash = "sha256:7096a5e0c1115ec82641afbdd70451a144558ea5cf564a896294e346eb611be1"},
    {file = "lazy_object_proxy-1.7.1-cp39-cp39-musllinux_1_1_aarch64.whl", hash = "sha256:f769457a639403073968d118bc70110e7dce294688009f5c24ab78800ae56dc8"},
    {file = "lazy_object_proxy-1.7.1-cp39-cp39-musllinux_1_1_x86_64.whl", hash = "sha256:39b0e26725c5023757fc1ab2a89ef9d7ab23b84f9251e28f9cc114d5b59c1b09"},
    {file = "lazy_object_proxy-1.7.1-cp39-cp39-win32.whl", hash = "sha256:2130db8ed69a48a3440103d4a520b89d8a9405f1b06e2cc81640509e8bf6548f"},
    {file = "lazy_object_proxy-1.7.1-cp39-cp39-win_amd64.whl", hash = "sha256:677ea950bef409b47e51e733283544ac3d660b709cfce7b187f5ace137960d61"},
    {file = "lazy_object_proxy-1.7.1-pp37.pp38-none-any.whl", hash = "sha256:d66906d5785da8e0be7360912e99c9188b70f52c422f9fc18223347235691a84"},
]
lxml = []
mccabe = [
    {file = "mccabe-0.6.1-py2.py3-none-any.whl", hash = "sha256:ab8a6258860da4b6677da4bd2fe5dc2c659cff31b3ee4f7f5d64e79735b80d42"},
    {file = "mccabe-0.6.1.tar.gz", hash = "sha256:dd8d182285a0fe56bace7f45b5e7d1a6ebcbf524e8f3bd87eb0f125271b8831f"},
]
metadir = []
metaform = []
metatype = []
metawiki = []
mistune = []
parse = []
parse-type = []
platformdirs = [
    {file = "platformdirs-2.5.2-py3-none-any.whl", hash = "sha256:027d8e83a2d7de06bbac4e5ef7e023c02b863d7ea5d079477e722bb41ab25788"},
    {file = "platformdirs-2.5.2.tar.gz", hash = "sha256:58c8abb07dcb441e6ee4b11d8df0ac856038f944ab98b7be6b27b2a3c7feef19"},
]
promise = []
pycodestyle = []
pydantic = []
pyflakes = []
pylint = []
python-dateutil = [
    {file = "python-dateutil-2.8.2.tar.gz", hash = "sha256:0123cacc1627ae19ddf3c27a5de5bd67ee4586fbdd6440d9748f8abb483d3e86"},
    {file = "python_dateutil-2.8.2-py2.py3-none-any.whl", hash = "sha256:961d03dc3453ebbc59dbdea9e4e11c5651520a876d0f4db161e8674aae935da9"},
]
python-gnupg = []
python-multipart = [
    {file = "python-multipart-0.0.5.tar.gz", hash = "sha256:f7bb5f611fc600d15fa47b3974c8aa16e93724513b49b5f95c81e6624c83fa43"},
]
python-slugify = []
pytz = []
pyyaml = []
requests = []
rfc3986 = [
    {file = "rfc3986-1.5.0-py2.py3-none-any.whl", hash = "sha256:a86d6e1f5b1dc238b218b012df0aa79409667bb209e58da56d0b94704e712a97"},
    {file = "rfc3986-1.5.0.tar.gz", hash = "sha256:270aaf10d87d0d4e095063c65bf3ddbc6ee3d0b226328ce21e036f946e421835"},
]
rx = []
six = [
    {file = "six-1.16.0-py2.py3-none-any.whl", hash = "sha256:8abb2f1d86890a2dfb989f9a77cfcfd3e47c2a354b01111771326f8aa26e0254"},
    {file = "six-1.16.0.tar.gz", hash = "sha256:1e61c37477a1626458e36f7b1d82aa5c9b094fa4802892072e49de9c60c4c926"},
]
sniffio = [
    {file = "sniffio-1.2.0-py3-none-any.whl", hash = "sha256:471b71698eac1c2112a40ce2752bb2f4a4814c22a54a3eed3676bc0f5ca9f663"},
    {file = "sniffio-1.2.0.tar.gz", hash = "sha256:c4666eecec1d3f50960c6bdf61ab7bc350648da6c126e3cf6898d8cd4ddcd3de"},
]
soupsieve = [
    {file = "soupsieve-2.3.2.post1-py3-none-any.whl", hash = "sha256:3b2503d3c7084a42b1ebd08116e5f81aadfaea95863628c80a3b774a11b7c759"},
    {file = "soupsieve-2.3.2.post1.tar.gz", hash = "sha256:fc53893b3da2c33de295667a0e19f078c14bf86544af307354de5fcf12a3f30d"},
]
starlette = [
    {file = "starlette-0.13.6-py3-none-any.whl", hash = "sha256:bd2ffe5e37fb75d014728511f8e68ebf2c80b0fa3d04ca1479f4dc752ae31ac9"},
    {file = "starlette-0.13.6.tar.gz", hash = "sha256:ebe8ee08d9be96a3c9f31b2cb2a24dbdf845247b745664bd8a3f9bd0c977fdbc"},
]
text-unidecode = []
textrazor = []
tinydb = []
tomli = [
    {file = "tomli-2.0.1-py3-none-any.whl", hash = "sha256:939de3e7a6161af0c887ef91b7d41a53e7c5a1ca976325f429cb46ea9bc30ecc"},
    {file = "tomli-2.0.1.tar.gz", hash = "sha256:de526c12914f0c550d15924c62d72abc48d6fe7364aa87328337a31007fe8a4f"},
]
tomlkit = []
typer = []
typing-extensions = []
typology = []
unicode = []
urllib3 = []
uvicorn = [
    {file = "uvicorn-0.12.3-py3-none-any.whl", hash = "sha256:562ef6aaa8fa723ab6b82cf9e67a774088179d0ec57cb17e447b15d58b603bcf"},
    {file = "uvicorn-0.12.3.tar.gz", hash = "sha256:5836edaf4d278fe67ba0298c0537bdb6398cf359eb644f79e6500ca1aad232b3"},
]
websockets = []
wrapt = [
    {file = "wrapt-1.14.1-cp27-cp27m-macosx_10_9_x86_64.whl", hash = "sha256:1b376b3f4896e7930f1f772ac4b064ac12598d1c38d04907e696cc4d794b43d3"},
    {file = "wrapt-1.14.1-cp27-cp27m-manylinux1_i686.whl", hash = "sha256:903500616422a40a98a5a3c4ff4ed9d0066f3b4c951fa286018ecdf0750194ef"},
    {file = "wrapt-1.14.1-cp27-cp27m-manylinux1_x86_64.whl", hash = "sha256:5a9a0d155deafd9448baff28c08e150d9b24ff010e899311ddd63c45c2445e28"},
    {file = "wrapt-1.14.1-cp27-cp27m-manylinux2010_i686.whl", hash = "sha256:ddaea91abf8b0d13443f6dac52e89051a5063c7d014710dcb4d4abb2ff811a59"},
    {file = "wrapt-1.14.1-cp27-cp27m-manylinux2010_x86_64.whl", hash = "sha256:36f582d0c6bc99d5f39cd3ac2a9062e57f3cf606ade29a0a0d6b323462f4dd87"},
    {file = "wrapt-1.14.1-cp27-cp27mu-manylinux1_i686.whl", hash = "sha256:7ef58fb89674095bfc57c4069e95d7a31cfdc0939e2a579882ac7d55aadfd2a1"},
    {file = "wrapt-1.14.1-cp27-cp27mu-manylinux1_x86_64.whl", hash = "sha256:e2f83e18fe2f4c9e7db597e988f72712c0c3676d337d8b101f6758107c42425b"},
    {file = "wrapt-1.14.1-cp27-cp27mu-manylinux2010_i686.whl", hash = "sha256:ee2b1b1769f6707a8a445162ea16dddf74285c3964f605877a20e38545c3c462"},
    {file = "wrapt-1.14.1-cp27-cp27mu-manylinux2010_x86_64.whl", hash = "sha256:833b58d5d0b7e5b9832869f039203389ac7cbf01765639c7309fd50ef619e0b1"},
    {file = "wrapt-1.14.1-cp310-cp310-macosx_10_9_x86_64.whl", hash = "sha256:80bb5c256f1415f747011dc3604b59bc1f91c6e7150bd7db03b19170ee06b320"},
    {file = "wrapt-1.14.1-cp310-cp310-macosx_11_0_arm64.whl", hash = "sha256:07f7a7d0f388028b2df1d916e94bbb40624c59b48ecc6cbc232546706fac74c2"},
    {file = "wrapt-1.14.1-cp310-cp310-manylinux_2_17_aarch64.manylinux2014_aarch64.whl", hash = "sha256:02b41b633c6261feff8ddd8d11c711df6842aba629fdd3da10249a53211a72c4"},
    {file = "wrapt-1.14.1-cp310-cp310-manylinux_2_5_i686.manylinux1_i686.manylinux_2_17_i686.manylinux2014_i686.whl", hash = "sha256:2fe803deacd09a233e4762a1adcea5db5d31e6be577a43352936179d14d90069"},
    {file = "wrapt-1.14.1-cp310-cp310-manylinux_2_5_x86_64.manylinux1_x86_64.manylinux_2_17_x86_64.manylinux2014_x86_64.whl", hash = "sha256:257fd78c513e0fb5cdbe058c27a0624c9884e735bbd131935fd49e9fe719d310"},
    {file = "wrapt-1.14.1-cp310-cp310-musllinux_1_1_aarch64.whl", hash = "sha256:4fcc4649dc762cddacd193e6b55bc02edca674067f5f98166d7713b193932b7f"},
    {file = "wrapt-1.14.1-cp310-cp310-musllinux_1_1_i686.whl", hash = "sha256:11871514607b15cfeb87c547a49bca19fde402f32e2b1c24a632506c0a756656"},
    {file = "wrapt-1.14.1-cp310-cp310-musllinux_1_1_x86_64.whl", hash = "sha256:8ad85f7f4e20964db4daadcab70b47ab05c7c1cf2a7c1e51087bfaa83831854c"},
    {file = "wrapt-1.14.1-cp310-cp310-win32.whl", hash = "sha256:a9a52172be0b5aae932bef82a79ec0a0ce87288c7d132946d645eba03f0ad8a8"},
    {file = "wrapt-1.14.1-cp310-cp310-win_amd64.whl", hash = "sha256:6d323e1554b3d22cfc03cd3243b5bb815a51f5249fdcbb86fda4bf62bab9e164"},
    {file = "wrapt-1.14.1-cp35-cp35m-manylinux1_i686.whl", hash = "sha256:43ca3bbbe97af00f49efb06e352eae40434ca9d915906f77def219b88e85d907"},
    {file = "wrapt-1.14.1-cp35-cp35m-manylinux1_x86_64.whl", hash = "sha256:6b1a564e6cb69922c7fe3a678b9f9a3c54e72b469875aa8018f18b4d1dd1adf3"},
    {file = "wrapt-1.14.1-cp35-cp35m-manylinux2010_i686.whl", hash = "sha256:00b6d4ea20a906c0ca56d84f93065b398ab74b927a7a3dbd470f6fc503f95dc3"},
    {file = "wrapt-1.14.1-cp35-cp35m-manylinux2010_x86_64.whl", hash = "sha256:a85d2b46be66a71bedde836d9e41859879cc54a2a04fad1191eb50c2066f6e9d"},
    {file = "wrapt-1.14.1-cp35-cp35m-win32.whl", hash = "sha256:dbcda74c67263139358f4d188ae5faae95c30929281bc6866d00573783c422b7"},
    {file = "wrapt-1.14.1-cp35-cp35m-win_amd64.whl", hash = "sha256:b21bb4c09ffabfa0e85e3a6b623e19b80e7acd709b9f91452b8297ace2a8ab00"},
    {file = "wrapt-1.14.1-cp36-cp36m-macosx_10_9_x86_64.whl", hash = "sha256:9e0fd32e0148dd5dea6af5fee42beb949098564cc23211a88d799e434255a1f4"},
    {file = "wrapt-1.14.1-cp36-cp36m-manylinux_2_17_aarch64.manylinux2014_aarch64.whl", hash = "sha256:9736af4641846491aedb3c3f56b9bc5568d92b0692303b5a305301a95dfd38b1"},
    {file = "wrapt-1.14.1-cp36-cp36m-manylinux_2_5_i686.manylinux1_i686.manylinux_2_17_i686.manylinux2014_i686.whl", hash = "sha256:5b02d65b9ccf0ef6c34cba6cf5bf2aab1bb2f49c6090bafeecc9cd81ad4ea1c1"},
    {file = "wrapt-1.14.1-cp36-cp36m-manylinux_2_5_x86_64.manylinux1_x86_64.manylinux_2_17_x86_64.manylinux2014_x86_64.whl", hash = "sha256:21ac0156c4b089b330b7666db40feee30a5d52634cc4560e1905d6529a3897ff"},
    {file = "wrapt-1.14.1-cp36-cp36m-musllinux_1_1_aarch64.whl", hash = "sha256:9f3e6f9e05148ff90002b884fbc2a86bd303ae847e472f44ecc06c2cd2fcdb2d"},
    {file = "wrapt-1.14.1-cp36-cp36m-musllinux_1_1_i686.whl", hash = "sha256:6e743de5e9c3d1b7185870f480587b75b1cb604832e380d64f9504a0535912d1"},
    {file = "wrapt-1.14.1-cp36-cp36m-musllinux_1_1_x86_64.whl", hash = "sha256:d79d7d5dc8a32b7093e81e97dad755127ff77bcc899e845f41bf71747af0c569"},
    {file = "wrapt-1.14.1-cp36-cp36m-win32.whl", hash = "sha256:81b19725065dcb43df02b37e03278c011a09e49757287dca60c5aecdd5a0b8ed"},
    {file = "wrapt-1.14.1-cp36-cp36m-win_amd64.whl", hash = "sha256:b014c23646a467558be7da3d6b9fa409b2c567d2110599b7cf9a0c5992b3b471"},
    {file = "wrapt-1.14.1-cp37-cp37m-macosx_10_9_x86_64.whl", hash = "sha256:88bd7b6bd70a5b6803c1abf6bca012f7ed963e58c68d76ee20b9d751c74a3248"},
    {file = "wrapt-1.14.1-cp37-cp37m-manylinux_2_17_aarch64.manylinux2014_aarch64.whl", hash = "sha256:b5901a312f4d14c59918c221323068fad0540e34324925c8475263841dbdfe68"},
    {file = "wrapt-1.14.1-cp37-cp37m-manylinux_2_5_i686.manylinux1_i686.manylinux_2_17_i686.manylinux2014_i686.whl", hash = "sha256:d77c85fedff92cf788face9bfa3ebaa364448ebb1d765302e9af11bf449ca36d"},
    {file = "wrapt-1.14.1-cp37-cp37m-manylinux_2_5_x86_64.manylinux1_x86_64.manylinux_2_17_x86_64.manylinux2014_x86_64.whl", hash = "sha256:8d649d616e5c6a678b26d15ece345354f7c2286acd6db868e65fcc5ff7c24a77"},
    {file = "wrapt-1.14.1-cp37-cp37m-musllinux_1_1_aarch64.whl", hash = "sha256:7d2872609603cb35ca513d7404a94d6d608fc13211563571117046c9d2bcc3d7"},
    {file = "wrapt-1.14.1-cp37-cp37m-musllinux_1_1_i686.whl", hash = "sha256:ee6acae74a2b91865910eef5e7de37dc6895ad96fa23603d1d27ea69df545015"},
    {file = "wrapt-1.14.1-cp37-cp37m-musllinux_1_1_x86_64.whl", hash = "sha256:2b39d38039a1fdad98c87279b48bc5dce2c0ca0d73483b12cb72aa9609278e8a"},
    {file = "wrapt-1.14.1-cp37-cp37m-win32.whl", hash = "sha256:60db23fa423575eeb65ea430cee741acb7c26a1365d103f7b0f6ec412b893853"},
    {file = "wrapt-1.14.1-cp37-cp37m-win_amd64.whl", hash = "sha256:709fe01086a55cf79d20f741f39325018f4df051ef39fe921b1ebe780a66184c"},
    {file = "wrapt-1.14.1-cp38-cp38-macosx_10_9_x86_64.whl", hash = "sha256:8c0ce1e99116d5ab21355d8ebe53d9460366704ea38ae4d9f6933188f327b456"},
    {file = "wrapt-1.14.1-cp38-cp38-macosx_11_0_arm64.whl", hash = "sha256:e3fb1677c720409d5f671e39bac6c9e0e422584e5f518bfd50aa4cbbea02433f"},
    {file = "wrapt-1.14.1-cp38-cp38-manylinux_2_17_aarch64.manylinux2014_aarch64.whl", hash = "sha256:642c2e7a804fcf18c222e1060df25fc210b9c58db7c91416fb055897fc27e8cc"},
    {file = "wrapt-1.14.1-cp38-cp38-manylinux_2_5_i686.manylinux1_i686.manylinux_2_17_i686.manylinux2014_i686.whl", hash = "sha256:7b7c050ae976e286906dd3f26009e117eb000fb2cf3533398c5ad9ccc86867b1"},
    {file = "wrapt-1.14.1-cp38-cp38-manylinux_2_5_x86_64.manylinux1_x86_64.manylinux_2_17_x86_64.manylinux2014_x86_64.whl", hash = "sha256:ef3f72c9666bba2bab70d2a8b79f2c6d2c1a42a7f7e2b0ec83bb2f9e383950af"},
    {file = "wrapt-1.14.1-cp38-cp38-musllinux_1_1_aarch64.whl", hash = "sha256:01c205616a89d09827986bc4e859bcabd64f5a0662a7fe95e0d359424e0e071b"},
    {file = "wrapt-1.14.1-cp38-cp38-musllinux_1_1_i686.whl", hash = "sha256:5a0f54ce2c092aaf439813735584b9537cad479575a09892b8352fea5e988dc0"},
    {file = "wrapt-1.14.1-cp38-cp38-musllinux_1_1_x86_64.whl", hash = "sha256:2cf71233a0ed05ccdabe209c606fe0bac7379fdcf687f39b944420d2a09fdb57"},
    {file = "wrapt-1.14.1-cp38-cp38-win32.whl", hash = "sha256:aa31fdcc33fef9eb2552cbcbfee7773d5a6792c137b359e82879c101e98584c5"},
    {file = "wrapt-1.14.1-cp38-cp38-win_amd64.whl", hash = "sha256:d1967f46ea8f2db647c786e78d8cc7e4313dbd1b0aca360592d8027b8508e24d"},
    {file = "wrapt-1.14.1-cp39-cp39-macosx_10_9_x86_64.whl", hash = "sha256:3232822c7d98d23895ccc443bbdf57c7412c5a65996c30442ebe6ed3df335383"},
    {file = "wrapt-1.14.1-cp39-cp39-macosx_11_0_arm64.whl", hash = "sha256:988635d122aaf2bdcef9e795435662bcd65b02f4f4c1ae37fbee7401c440b3a7"},
    {file = "wrapt-1.14.1-cp39-cp39-manylinux_2_17_aarch64.manylinux2014_aarch64.whl", hash = "sha256:9cca3c2cdadb362116235fdbd411735de4328c61425b0aa9f872fd76d02c4e86"},
    {file = "wrapt-1.14.1-cp39-cp39-manylinux_2_5_i686.manylinux1_i686.manylinux_2_17_i686.manylinux2014_i686.whl", hash = "sha256:d52a25136894c63de15a35bc0bdc5adb4b0e173b9c0d07a2be9d3ca64a332735"},
    {file = "wrapt-1.14.1-cp39-cp39-manylinux_2_5_x86_64.manylinux1_x86_64.manylinux_2_17_x86_64.manylinux2014_x86_64.whl", hash = "sha256:40e7bc81c9e2b2734ea4bc1aceb8a8f0ceaac7c5299bc5d69e37c44d9081d43b"},
    {file = "wrapt-1.14.1-cp39-cp39-musllinux_1_1_aarch64.whl", hash = "sha256:b9b7a708dd92306328117d8c4b62e2194d00c365f18eff11a9b53c6f923b01e3"},
    {file = "wrapt-1.14.1-cp39-cp39-musllinux_1_1_i686.whl", hash = "sha256:6a9a25751acb379b466ff6be78a315e2b439d4c94c1e99cb7266d40a537995d3"},
    {file = "wrapt-1.14.1-cp39-cp39-musllinux_1_1_x86_64.whl", hash = "sha256:34aa51c45f28ba7f12accd624225e2b1e5a3a45206aa191f6f9aac931d9d56fe"},
    {file = "wrapt-1.14.1-cp39-cp39-win32.whl", hash = "sha256:dee0ce50c6a2dd9056c20db781e9c1cfd33e77d2d569f5d1d9321c641bb903d5"},
    {file = "wrapt-1.14.1-cp39-cp39-win_amd64.whl", hash = "sha256:dee60e1de1898bde3b238f18340eec6148986da0455d8ba7848d50470a7a32fb"},
    {file = "wrapt-1.14.1.tar.gz", hash = "sha256:380a85cf89e0e69b7cfbe2ea9f765f004ff419f34194018a6827ac0e3edfed4d"},
]
